PODS:
  - Alamofire (5.4.0)
  - Kingfisher (5.15.7):
    - Kingfisher/Core (= 5.15.7)
  - Kingfisher/Core (5.15.7)
  - NMapsMap (3.10.1)
  - Socket.IO-Client-Swift (13.0.1):
    - Starscream (~> 3.0.2)
  - Starscream (3.0.6)
  - SwiftLint (0.41.0)
  - SwiftyJSON (5.0.0)
  - Then (2.7.0)

DEPENDENCIES:
  - Alamofire
  - Kingfisher
  - NMapsMap
  - Socket.IO-Client-Swift (~> 13.0.0)
  - SwiftLint
  - SwiftyJSON
  - Then

SPEC REPOS:
  trunk:
    - Alamofire
    - Kingfisher
    - NMapsMap
    - Socket.IO-Client-Swift
    - Starscream
    - SwiftLint
    - SwiftyJSON
    - Then

SPEC CHECKSUMS:
  Alamofire: 3b6a534a3df22db367e4dedeeca73d1ddfcf0e2f
  Kingfisher: 6e1a13523fcb1c86924ce53affe4ac957e544d59
  NMapsMap: 1dc27ca06eac287ce1f001a972172766dca2abe1
  Socket.IO-Client-Swift: 7055c89b7a9926b343194c4cac75998329c4a95a
  Starscream: ef3ece99d765eeccb67de105bfa143f929026cf5
  SwiftLint: c585ebd615d9520d7fbdbe151f527977b0534f1e
  SwiftyJSON: 36413e04c44ee145039d332b4f4e2d3e8d6c4db7
  Then: acfe0be7e98221c6204e12f8161459606d5d822d

PODFILE CHECKSUM: a4b57229f15d27bed87d297f963bdcbb8f9fb814

COCOAPODS: 1.9.1
