// !$*UTF8*$!
{
	archiveVersion = 1;
	classes = {
	};
	objectVersion = 51;
	objects = {

/* Begin PBXBuildFile section */
		4C94E12D413E28FEE17676A0 /* Pods_Terminal_iOS.framework in Frameworks */ = {isa = PBXBuildFile; fileRef = DBCC80E590F7DC6C9A2F68E9 /* Pods_Terminal_iOS.framework */; };
		A51438AF2524952F00ACB241 /* SetPresenter.swift in Sources */ = {isa = PBXBuildFile; fileRef = A51438AE2524952F00ACB241 /* SetPresenter.swift */; };
		A5172165252CFA47005AD11B /* SetWireFrame.swift in Sources */ = {isa = PBXBuildFile; fileRef = A5172164252CFA47005AD11B /* SetWireFrame.swift */; };
		A5172169252CFA90005AD11B /* SetInteractor.swift in Sources */ = {isa = PBXBuildFile; fileRef = A5172168252CFA90005AD11B /* SetInteractor.swift */; };
		A517216D252CFAAA005AD11B /* SetProtocols.swift in Sources */ = {isa = PBXBuildFile; fileRef = A517216C252CFAAA005AD11B /* SetProtocols.swift */; };
		A51D8BE125264DB9003BD1B9 /* AccountCell.swift in Sources */ = {isa = PBXBuildFile; fileRef = A51D8BE025264DB9003BD1B9 /* AccountCell.swift */; };
		A521DDED252DEA7E00F83DB3 /* ProfileModifyProtocols.swift in Sources */ = {isa = PBXBuildFile; fileRef = A521DDEC252DEA7E00F83DB3 /* ProfileModifyProtocols.swift */; };
		A565647A2518B7EF00AB31A9 /* UIColor+Ext.swift in Sources */ = {isa = PBXBuildFile; fileRef = A56564792518B7EF00AB31A9 /* UIColor+Ext.swift */; };
		A5686A452524F048005990DC /* NotiCell.swift in Sources */ = {isa = PBXBuildFile; fileRef = A5686A442524F048005990DC /* NotiCell.swift */; };
		A5686A492524F49C005990DC /* Profile.swift in Sources */ = {isa = PBXBuildFile; fileRef = A5686A482524F49C005990DC /* Profile.swift */; };
		A5686A502525D6FC005990DC /* DefaultCell.swift in Sources */ = {isa = PBXBuildFile; fileRef = A5686A4F2525D6FC005990DC /* DefaultCell.swift */; };
		A5686A532525DE13005990DC /* Setting.swift in Sources */ = {isa = PBXBuildFile; fileRef = A5686A522525DE13005990DC /* Setting.swift */; };
		A5AB2705252B6F2300A39240 /* ProfileCell.swift in Sources */ = {isa = PBXBuildFile; fileRef = A5AB2704252B6F2300A39240 /* ProfileCell.swift */; };
		A5B78A96252B950600E0B440 /* ProfileModifyView.swift in Sources */ = {isa = PBXBuildFile; fileRef = A5B78A95252B950600E0B440 /* ProfileModifyView.swift */; };
		CC1BE0312510CA5400F88313 /* SelectCategoryView.swift in Sources */ = {isa = PBXBuildFile; fileRef = CC1BE0302510CA5400F88313 /* SelectCategoryView.swift */; };
		CC1BE0332510CC0000F88313 /* SelectCategoryProtocols.swift in Sources */ = {isa = PBXBuildFile; fileRef = CC1BE0322510CC0000F88313 /* SelectCategoryProtocols.swift */; };
		CC1BE0352510D18100F88313 /* SelectCategoryPresenter.swift in Sources */ = {isa = PBXBuildFile; fileRef = CC1BE0342510D18100F88313 /* SelectCategoryPresenter.swift */; };
		CC1BE0372510D83100F88313 /* SelectCategoryWireFrame.swift in Sources */ = {isa = PBXBuildFile; fileRef = CC1BE0362510D83100F88313 /* SelectCategoryWireFrame.swift */; };
		CC1BE0392510D8AD00F88313 /* CreateStudyWireFrame.swift in Sources */ = {isa = PBXBuildFile; fileRef = CC1BE0382510D8AD00F88313 /* CreateStudyWireFrame.swift */; };
		CC1BE03C2510D8DB00F88313 /* CreateStudyProtocols.swift in Sources */ = {isa = PBXBuildFile; fileRef = CC1BE03B2510D8DB00F88313 /* CreateStudyProtocols.swift */; };
		CC1BE03E2510EBBC00F88313 /* CreateStudyPresenter.swift in Sources */ = {isa = PBXBuildFile; fileRef = CC1BE03D2510EBBC00F88313 /* CreateStudyPresenter.swift */; };
		CC1BE0402510EBD500F88313 /* CreateStudyInteractor.swift in Sources */ = {isa = PBXBuildFile; fileRef = CC1BE03F2510EBD500F88313 /* CreateStudyInteractor.swift */; };
		CC1BE0422510EBEA00F88313 /* CreateStudyView.swift in Sources */ = {isa = PBXBuildFile; fileRef = CC1BE0412510EBEA00F88313 /* CreateStudyView.swift */; };
		CC1BE0452511FD8900F88313 /* SNSCollectionViewCell.swift in Sources */ = {isa = PBXBuildFile; fileRef = CC1BE0442511FD8900F88313 /* SNSCollectionViewCell.swift */; };
		CC1BE0492512286B00F88313 /* SNSCollectionView.swift in Sources */ = {isa = PBXBuildFile; fileRef = CC1BE0482512286B00F88313 /* SNSCollectionView.swift */; };
		CC26AD58251B27B3006B11E9 /* LocationUIVIew.swift in Sources */ = {isa = PBXBuildFile; fileRef = CC26AD57251B27B3006B11E9 /* LocationUIVIew.swift */; };
		CC26AD5B251B2E04006B11E9 /* TimeUIView.swift in Sources */ = {isa = PBXBuildFile; fileRef = CC26AD5A251B2E04006B11E9 /* TimeUIView.swift */; };
		CC26AD64251B6DAC006B11E9 /* SNSInputUITextField.swift in Sources */ = {isa = PBXBuildFile; fileRef = CC26AD63251B6DAC006B11E9 /* SNSInputUITextField.swift */; };
		CC29FB21251E0CAD00C1BDCE /* CreateStudyRemoteManager.swift in Sources */ = {isa = PBXBuildFile; fileRef = CC29FB20251E0CAD00C1BDCE /* CreateStudyRemoteManager.swift */; };
		CC29FB2625207B7100C1BDCE /* SelectLocationProtocol.swift in Sources */ = {isa = PBXBuildFile; fileRef = CC29FB2525207B7100C1BDCE /* SelectLocationProtocol.swift */; };
		CC29FB2B25207C1A00C1BDCE /* SelectLocationViewView.swift in Sources */ = {isa = PBXBuildFile; fileRef = CC29FB2A25207C1A00C1BDCE /* SelectLocationViewView.swift */; };
		CC29FB2F25207D3F00C1BDCE /* SelectLocationInteractor.swift in Sources */ = {isa = PBXBuildFile; fileRef = CC29FB2E25207D3F00C1BDCE /* SelectLocationInteractor.swift */; };
		CC29FB3225207D6000C1BDCE /* SelectLocationPresenter.swift in Sources */ = {isa = PBXBuildFile; fileRef = CC29FB3125207D6000C1BDCE /* SelectLocationPresenter.swift */; };
		CC29FB3525207E7200C1BDCE /* SelectLocationRemoteDataManager.swift in Sources */ = {isa = PBXBuildFile; fileRef = CC29FB3425207E7200C1BDCE /* SelectLocationRemoteDataManager.swift */; };
		CC29FB3825207E8E00C1BDCE /* SelectLocationLocalDataManager.swift in Sources */ = {isa = PBXBuildFile; fileRef = CC29FB3725207E8E00C1BDCE /* SelectLocationLocalDataManager.swift */; };
		CC29FB3B25207EAF00C1BDCE /* SelectLocationWireFrame.swift in Sources */ = {isa = PBXBuildFile; fileRef = CC29FB3A25207EAF00C1BDCE /* SelectLocationWireFrame.swift */; };
		CC6F1CBB251A148D00511016 /* SNSInputItem.swift in Sources */ = {isa = PBXBuildFile; fileRef = CC6F1CBA251A148D00511016 /* SNSInputItem.swift */; };
		CC6F1CBD251A155700511016 /* SNSInputUIView.swift in Sources */ = {isa = PBXBuildFile; fileRef = CC6F1CBC251A155700511016 /* SNSInputUIView.swift */; };
		CCA1FF5724FD0C930026C3EA /* AppDelegate.swift in Sources */ = {isa = PBXBuildFile; fileRef = CCA1FF5624FD0C930026C3EA /* AppDelegate.swift */; };
		CCA1FF5924FD0C930026C3EA /* SceneDelegate.swift in Sources */ = {isa = PBXBuildFile; fileRef = CCA1FF5824FD0C930026C3EA /* SceneDelegate.swift */; };
		CCA1FF5B24FD0C930026C3EA /* ViewController.swift in Sources */ = {isa = PBXBuildFile; fileRef = CCA1FF5A24FD0C930026C3EA /* ViewController.swift */; };
		CCA1FF5E24FD0C930026C3EA /* Main.storyboard in Resources */ = {isa = PBXBuildFile; fileRef = CCA1FF5C24FD0C930026C3EA /* Main.storyboard */; };
		CCA1FF6024FD0C930026C3EA /* Assets.xcassets in Resources */ = {isa = PBXBuildFile; fileRef = CCA1FF5F24FD0C930026C3EA /* Assets.xcassets */; };
		CCA1FF6324FD0C930026C3EA /* LaunchScreen.storyboard in Resources */ = {isa = PBXBuildFile; fileRef = CCA1FF6124FD0C930026C3EA /* LaunchScreen.storyboard */; };
		CCA1FF6D24FD100F0026C3EA /* MyStudyViewController.swift in Sources */ = {isa = PBXBuildFile; fileRef = CCA1FF6C24FD100F0026C3EA /* MyStudyViewController.swift */; };
		CCA1FF6F24FD10290026C3EA /* SetView.swift in Sources */ = {isa = PBXBuildFile; fileRef = CCA1FF6E24FD10290026C3EA /* SetView.swift */; };
		CCA3FF37251781EB00F62627 /* Study.swift in Sources */ = {isa = PBXBuildFile; fileRef = CCA3FF35251781EB00F62627 /* Study.swift */; };
		CCA3FF38251781EB00F62627 /* Category.swift in Sources */ = {isa = PBXBuildFile; fileRef = CCA3FF36251781EB00F62627 /* Category.swift */; };
		CCA3FF3F2517823000F62627 /* StudyListLocalDataManager.swift in Sources */ = {isa = PBXBuildFile; fileRef = CCA3FF3D2517823000F62627 /* StudyListLocalDataManager.swift */; };
		CCA3FF402517823000F62627 /* StudyListRemoteDataManager.swift in Sources */ = {isa = PBXBuildFile; fileRef = CCA3FF3E2517823000F62627 /* StudyListRemoteDataManager.swift */; };
		CCA3FF472517823E00F62627 /* StudyListProtocols.swift in Sources */ = {isa = PBXBuildFile; fileRef = CCA3FF412517823E00F62627 /* StudyListProtocols.swift */; };
		CCA3FF482517823E00F62627 /* StudyListView.swift in Sources */ = {isa = PBXBuildFile; fileRef = CCA3FF422517823E00F62627 /* StudyListView.swift */; };
		CCA3FF492517823E00F62627 /* StudyListPresenter.swift in Sources */ = {isa = PBXBuildFile; fileRef = CCA3FF432517823E00F62627 /* StudyListPresenter.swift */; };
		CCA3FF4A2517823E00F62627 /* StudyListWireFrame.swift in Sources */ = {isa = PBXBuildFile; fileRef = CCA3FF442517823E00F62627 /* StudyListWireFrame.swift */; };
		CCA3FF4B2517823E00F62627 /* StudyCell.swift in Sources */ = {isa = PBXBuildFile; fileRef = CCA3FF452517823E00F62627 /* StudyCell.swift */; };
		CCA3FF4C2517823E00F62627 /* StudyListInteractor.swift in Sources */ = {isa = PBXBuildFile; fileRef = CCA3FF462517823E00F62627 /* StudyListInteractor.swift */; };
		CCA3FF512517826100F62627 /* StudyCategoryLocalDataManager.swift in Sources */ = {isa = PBXBuildFile; fileRef = CCA3FF4F2517826100F62627 /* StudyCategoryLocalDataManager.swift */; };
		CCA3FF522517826100F62627 /* StudyCategoryRemoteManager.swift in Sources */ = {isa = PBXBuildFile; fileRef = CCA3FF502517826100F62627 /* StudyCategoryRemoteManager.swift */; };
		CCA3FF592517826B00F62627 /* StudyCategoryWireFrame.swift in Sources */ = {isa = PBXBuildFile; fileRef = CCA3FF532517826B00F62627 /* StudyCategoryWireFrame.swift */; };
		CCA3FF5A2517826B00F62627 /* StudyCategoryInteractor.swift in Sources */ = {isa = PBXBuildFile; fileRef = CCA3FF542517826B00F62627 /* StudyCategoryInteractor.swift */; };
		CCA3FF5B2517826B00F62627 /* StudyCategoryProtocols.swift in Sources */ = {isa = PBXBuildFile; fileRef = CCA3FF552517826B00F62627 /* StudyCategoryProtocols.swift */; };
		CCA3FF5C2517826B00F62627 /* StudyCategoryPresenter.swift in Sources */ = {isa = PBXBuildFile; fileRef = CCA3FF562517826B00F62627 /* StudyCategoryPresenter.swift */; };
		CCA3FF5D2517826B00F62627 /* CategoryCell.swift in Sources */ = {isa = PBXBuildFile; fileRef = CCA3FF572517826B00F62627 /* CategoryCell.swift */; };
		CCA3FF5E2517826B00F62627 /* StudyCategoryView.swift in Sources */ = {isa = PBXBuildFile; fileRef = CCA3FF582517826B00F62627 /* StudyCategoryView.swift */; };
		CCA3FF652517829D00F62627 /* SearchStudyViewController.swift in Sources */ = {isa = PBXBuildFile; fileRef = CCA3FF632517829D00F62627 /* SearchStudyViewController.swift */; };
		CCA3FF662517829D00F62627 /* CreateStudyViewController.swift in Sources */ = {isa = PBXBuildFile; fileRef = CCA3FF642517829D00F62627 /* CreateStudyViewController.swift */; };
		CCCF2A90251732B50077B75C /* TitleWithTextView.swift in Sources */ = {isa = PBXBuildFile; fileRef = CCCF2A8F251732B50077B75C /* TitleWithTextView.swift */; };
/* End PBXBuildFile section */

/* Begin PBXFileReference section */
		0842ED214CBB94B870702CC2 /* Pods-Terminal-iOS.debug.xcconfig */ = {isa = PBXFileReference; includeInIndex = 1; lastKnownFileType = text.xcconfig; name = "Pods-Terminal-iOS.debug.xcconfig"; path = "Target Support Files/Pods-Terminal-iOS/Pods-Terminal-iOS.debug.xcconfig"; sourceTree = "<group>"; };
		87475BBE7142C360612CED6A /* Pods-Terminal-iOS.release.xcconfig */ = {isa = PBXFileReference; includeInIndex = 1; lastKnownFileType = text.xcconfig; name = "Pods-Terminal-iOS.release.xcconfig"; path = "Target Support Files/Pods-Terminal-iOS/Pods-Terminal-iOS.release.xcconfig"; sourceTree = "<group>"; };
		A51438AE2524952F00ACB241 /* SetPresenter.swift */ = {isa = PBXFileReference; lastKnownFileType = sourcecode.swift; path = SetPresenter.swift; sourceTree = "<group>"; };
		A5172164252CFA47005AD11B /* SetWireFrame.swift */ = {isa = PBXFileReference; lastKnownFileType = sourcecode.swift; path = SetWireFrame.swift; sourceTree = "<group>"; };
		A5172168252CFA90005AD11B /* SetInteractor.swift */ = {isa = PBXFileReference; lastKnownFileType = sourcecode.swift; path = SetInteractor.swift; sourceTree = "<group>"; };
		A517216C252CFAAA005AD11B /* SetProtocols.swift */ = {isa = PBXFileReference; lastKnownFileType = sourcecode.swift; path = SetProtocols.swift; sourceTree = "<group>"; };
		A51D8BE025264DB9003BD1B9 /* AccountCell.swift */ = {isa = PBXFileReference; lastKnownFileType = sourcecode.swift; path = AccountCell.swift; sourceTree = "<group>"; };
		A521DDEC252DEA7E00F83DB3 /* ProfileModifyProtocols.swift */ = {isa = PBXFileReference; lastKnownFileType = sourcecode.swift; path = ProfileModifyProtocols.swift; sourceTree = "<group>"; };
		A56564792518B7EF00AB31A9 /* UIColor+Ext.swift */ = {isa = PBXFileReference; lastKnownFileType = sourcecode.swift; name = "UIColor+Ext.swift"; path = "Terminal-iOS/Extensions-Utillities/UIColor+Ext.swift"; sourceTree = SOURCE_ROOT; };
		A5686A442524F048005990DC /* NotiCell.swift */ = {isa = PBXFileReference; lastKnownFileType = sourcecode.swift; path = NotiCell.swift; sourceTree = "<group>"; };
		A5686A482524F49C005990DC /* Profile.swift */ = {isa = PBXFileReference; lastKnownFileType = sourcecode.swift; path = Profile.swift; sourceTree = "<group>"; };
		A5686A4F2525D6FC005990DC /* DefaultCell.swift */ = {isa = PBXFileReference; lastKnownFileType = sourcecode.swift; path = DefaultCell.swift; sourceTree = "<group>"; };
		A5686A522525DE13005990DC /* Setting.swift */ = {isa = PBXFileReference; lastKnownFileType = sourcecode.swift; path = Setting.swift; sourceTree = "<group>"; };
		A5AB2704252B6F2300A39240 /* ProfileCell.swift */ = {isa = PBXFileReference; lastKnownFileType = sourcecode.swift; path = ProfileCell.swift; sourceTree = "<group>"; };
		A5B78A95252B950600E0B440 /* ProfileModifyView.swift */ = {isa = PBXFileReference; lastKnownFileType = sourcecode.swift; path = ProfileModifyView.swift; sourceTree = "<group>"; };
		CC1BE0302510CA5400F88313 /* SelectCategoryView.swift */ = {isa = PBXFileReference; lastKnownFileType = sourcecode.swift; path = SelectCategoryView.swift; sourceTree = "<group>"; };
		CC1BE0322510CC0000F88313 /* SelectCategoryProtocols.swift */ = {isa = PBXFileReference; lastKnownFileType = sourcecode.swift; path = SelectCategoryProtocols.swift; sourceTree = "<group>"; };
		CC1BE0342510D18100F88313 /* SelectCategoryPresenter.swift */ = {isa = PBXFileReference; lastKnownFileType = sourcecode.swift; path = SelectCategoryPresenter.swift; sourceTree = "<group>"; };
		CC1BE0362510D83100F88313 /* SelectCategoryWireFrame.swift */ = {isa = PBXFileReference; lastKnownFileType = sourcecode.swift; path = SelectCategoryWireFrame.swift; sourceTree = "<group>"; };
		CC1BE0382510D8AD00F88313 /* CreateStudyWireFrame.swift */ = {isa = PBXFileReference; lastKnownFileType = sourcecode.swift; path = CreateStudyWireFrame.swift; sourceTree = "<group>"; };
		CC1BE03B2510D8DB00F88313 /* CreateStudyProtocols.swift */ = {isa = PBXFileReference; lastKnownFileType = sourcecode.swift; path = CreateStudyProtocols.swift; sourceTree = "<group>"; };
		CC1BE03D2510EBBC00F88313 /* CreateStudyPresenter.swift */ = {isa = PBXFileReference; lastKnownFileType = sourcecode.swift; path = CreateStudyPresenter.swift; sourceTree = "<group>"; };
		CC1BE03F2510EBD500F88313 /* CreateStudyInteractor.swift */ = {isa = PBXFileReference; lastKnownFileType = sourcecode.swift; path = CreateStudyInteractor.swift; sourceTree = "<group>"; };
		CC1BE0412510EBEA00F88313 /* CreateStudyView.swift */ = {isa = PBXFileReference; lastKnownFileType = sourcecode.swift; path = CreateStudyView.swift; sourceTree = "<group>"; };
		CC1BE0442511FD8900F88313 /* SNSCollectionViewCell.swift */ = {isa = PBXFileReference; lastKnownFileType = sourcecode.swift; path = SNSCollectionViewCell.swift; sourceTree = "<group>"; };
		CC1BE0482512286B00F88313 /* SNSCollectionView.swift */ = {isa = PBXFileReference; lastKnownFileType = sourcecode.swift; path = SNSCollectionView.swift; sourceTree = "<group>"; };
		CC26AD57251B27B3006B11E9 /* LocationUIVIew.swift */ = {isa = PBXFileReference; lastKnownFileType = sourcecode.swift; path = LocationUIVIew.swift; sourceTree = "<group>"; };
		CC26AD5A251B2E04006B11E9 /* TimeUIView.swift */ = {isa = PBXFileReference; lastKnownFileType = sourcecode.swift; path = TimeUIView.swift; sourceTree = "<group>"; };
		CC26AD63251B6DAC006B11E9 /* SNSInputUITextField.swift */ = {isa = PBXFileReference; lastKnownFileType = sourcecode.swift; path = SNSInputUITextField.swift; sourceTree = "<group>"; };
		CC29FB20251E0CAD00C1BDCE /* CreateStudyRemoteManager.swift */ = {isa = PBXFileReference; lastKnownFileType = sourcecode.swift; path = CreateStudyRemoteManager.swift; sourceTree = "<group>"; };
		CC29FB2525207B7100C1BDCE /* SelectLocationProtocol.swift */ = {isa = PBXFileReference; lastKnownFileType = sourcecode.swift; path = SelectLocationProtocol.swift; sourceTree = "<group>"; };
		CC29FB2A25207C1A00C1BDCE /* SelectLocationViewView.swift */ = {isa = PBXFileReference; lastKnownFileType = sourcecode.swift; path = SelectLocationViewView.swift; sourceTree = "<group>"; };
		CC29FB2E25207D3F00C1BDCE /* SelectLocationInteractor.swift */ = {isa = PBXFileReference; lastKnownFileType = sourcecode.swift; path = SelectLocationInteractor.swift; sourceTree = "<group>"; };
		CC29FB3125207D6000C1BDCE /* SelectLocationPresenter.swift */ = {isa = PBXFileReference; lastKnownFileType = sourcecode.swift; path = SelectLocationPresenter.swift; sourceTree = "<group>"; };
		CC29FB3425207E7200C1BDCE /* SelectLocationRemoteDataManager.swift */ = {isa = PBXFileReference; lastKnownFileType = sourcecode.swift; path = SelectLocationRemoteDataManager.swift; sourceTree = "<group>"; };
		CC29FB3725207E8E00C1BDCE /* SelectLocationLocalDataManager.swift */ = {isa = PBXFileReference; lastKnownFileType = sourcecode.swift; path = SelectLocationLocalDataManager.swift; sourceTree = "<group>"; };
		CC29FB3A25207EAF00C1BDCE /* SelectLocationWireFrame.swift */ = {isa = PBXFileReference; lastKnownFileType = sourcecode.swift; path = SelectLocationWireFrame.swift; sourceTree = "<group>"; };
		CC4F335225108F9700968B17 /* StudyMainRemoteDataManager.swift */ = {isa = PBXFileReference; lastKnownFileType = sourcecode.swift; path = StudyMainRemoteDataManager.swift; sourceTree = "<group>"; };
		CC6F1CBA251A148D00511016 /* SNSInputItem.swift */ = {isa = PBXFileReference; lastKnownFileType = sourcecode.swift; path = SNSInputItem.swift; sourceTree = "<group>"; };
		CC6F1CBC251A155700511016 /* SNSInputUIView.swift */ = {isa = PBXFileReference; lastKnownFileType = sourcecode.swift; path = SNSInputUIView.swift; sourceTree = "<group>"; };
		CCA1FF5324FD0C930026C3EA /* Terminal-iOS.app */ = {isa = PBXFileReference; explicitFileType = wrapper.application; includeInIndex = 0; path = "Terminal-iOS.app"; sourceTree = BUILT_PRODUCTS_DIR; };
		CCA1FF5624FD0C930026C3EA /* AppDelegate.swift */ = {isa = PBXFileReference; lastKnownFileType = sourcecode.swift; path = AppDelegate.swift; sourceTree = "<group>"; };
		CCA1FF5824FD0C930026C3EA /* SceneDelegate.swift */ = {isa = PBXFileReference; lastKnownFileType = sourcecode.swift; path = SceneDelegate.swift; sourceTree = "<group>"; };
		CCA1FF5A24FD0C930026C3EA /* ViewController.swift */ = {isa = PBXFileReference; lastKnownFileType = sourcecode.swift; path = ViewController.swift; sourceTree = "<group>"; };
		CCA1FF5D24FD0C930026C3EA /* Base */ = {isa = PBXFileReference; lastKnownFileType = file.storyboard; name = Base; path = Base.lproj/Main.storyboard; sourceTree = "<group>"; };
		CCA1FF5F24FD0C930026C3EA /* Assets.xcassets */ = {isa = PBXFileReference; lastKnownFileType = folder.assetcatalog; path = Assets.xcassets; sourceTree = "<group>"; };
		CCA1FF6224FD0C930026C3EA /* Base */ = {isa = PBXFileReference; lastKnownFileType = file.storyboard; name = Base; path = Base.lproj/LaunchScreen.storyboard; sourceTree = "<group>"; };
		CCA1FF6424FD0C930026C3EA /* Info.plist */ = {isa = PBXFileReference; lastKnownFileType = text.plist.xml; path = Info.plist; sourceTree = "<group>"; };
		CCA1FF6C24FD100F0026C3EA /* MyStudyViewController.swift */ = {isa = PBXFileReference; lastKnownFileType = sourcecode.swift; path = MyStudyViewController.swift; sourceTree = "<group>"; };
		CCA1FF6E24FD10290026C3EA /* SetView.swift */ = {isa = PBXFileReference; lastKnownFileType = sourcecode.swift; path = SetView.swift; sourceTree = "<group>"; };
		CCA3FF35251781EB00F62627 /* Study.swift */ = {isa = PBXFileReference; fileEncoding = 4; lastKnownFileType = sourcecode.swift; path = Study.swift; sourceTree = "<group>"; };
		CCA3FF36251781EB00F62627 /* Category.swift */ = {isa = PBXFileReference; fileEncoding = 4; lastKnownFileType = sourcecode.swift; path = Category.swift; sourceTree = "<group>"; };
		CCA3FF3D2517823000F62627 /* StudyListLocalDataManager.swift */ = {isa = PBXFileReference; fileEncoding = 4; lastKnownFileType = sourcecode.swift; path = StudyListLocalDataManager.swift; sourceTree = "<group>"; };
		CCA3FF3E2517823000F62627 /* StudyListRemoteDataManager.swift */ = {isa = PBXFileReference; fileEncoding = 4; lastKnownFileType = sourcecode.swift; path = StudyListRemoteDataManager.swift; sourceTree = "<group>"; };
		CCA3FF412517823E00F62627 /* StudyListProtocols.swift */ = {isa = PBXFileReference; fileEncoding = 4; lastKnownFileType = sourcecode.swift; path = StudyListProtocols.swift; sourceTree = "<group>"; };
		CCA3FF422517823E00F62627 /* StudyListView.swift */ = {isa = PBXFileReference; fileEncoding = 4; lastKnownFileType = sourcecode.swift; path = StudyListView.swift; sourceTree = "<group>"; };
		CCA3FF432517823E00F62627 /* StudyListPresenter.swift */ = {isa = PBXFileReference; fileEncoding = 4; lastKnownFileType = sourcecode.swift; path = StudyListPresenter.swift; sourceTree = "<group>"; };
		CCA3FF442517823E00F62627 /* StudyListWireFrame.swift */ = {isa = PBXFileReference; fileEncoding = 4; lastKnownFileType = sourcecode.swift; path = StudyListWireFrame.swift; sourceTree = "<group>"; };
		CCA3FF452517823E00F62627 /* StudyCell.swift */ = {isa = PBXFileReference; fileEncoding = 4; lastKnownFileType = sourcecode.swift; path = StudyCell.swift; sourceTree = "<group>"; };
		CCA3FF462517823E00F62627 /* StudyListInteractor.swift */ = {isa = PBXFileReference; fileEncoding = 4; lastKnownFileType = sourcecode.swift; path = StudyListInteractor.swift; sourceTree = "<group>"; };
		CCA3FF4F2517826100F62627 /* StudyCategoryLocalDataManager.swift */ = {isa = PBXFileReference; fileEncoding = 4; lastKnownFileType = sourcecode.swift; path = StudyCategoryLocalDataManager.swift; sourceTree = "<group>"; };
		CCA3FF502517826100F62627 /* StudyCategoryRemoteManager.swift */ = {isa = PBXFileReference; fileEncoding = 4; lastKnownFileType = sourcecode.swift; path = StudyCategoryRemoteManager.swift; sourceTree = "<group>"; };
		CCA3FF532517826B00F62627 /* StudyCategoryWireFrame.swift */ = {isa = PBXFileReference; fileEncoding = 4; lastKnownFileType = sourcecode.swift; path = StudyCategoryWireFrame.swift; sourceTree = "<group>"; };
		CCA3FF542517826B00F62627 /* StudyCategoryInteractor.swift */ = {isa = PBXFileReference; fileEncoding = 4; lastKnownFileType = sourcecode.swift; path = StudyCategoryInteractor.swift; sourceTree = "<group>"; };
		CCA3FF552517826B00F62627 /* StudyCategoryProtocols.swift */ = {isa = PBXFileReference; fileEncoding = 4; lastKnownFileType = sourcecode.swift; path = StudyCategoryProtocols.swift; sourceTree = "<group>"; };
		CCA3FF562517826B00F62627 /* StudyCategoryPresenter.swift */ = {isa = PBXFileReference; fileEncoding = 4; lastKnownFileType = sourcecode.swift; path = StudyCategoryPresenter.swift; sourceTree = "<group>"; };
		CCA3FF572517826B00F62627 /* CategoryCell.swift */ = {isa = PBXFileReference; fileEncoding = 4; lastKnownFileType = sourcecode.swift; path = CategoryCell.swift; sourceTree = "<group>"; };
		CCA3FF582517826B00F62627 /* StudyCategoryView.swift */ = {isa = PBXFileReference; fileEncoding = 4; lastKnownFileType = sourcecode.swift; path = StudyCategoryView.swift; sourceTree = "<group>"; };
		CCA3FF632517829D00F62627 /* SearchStudyViewController.swift */ = {isa = PBXFileReference; fileEncoding = 4; lastKnownFileType = sourcecode.swift; path = SearchStudyViewController.swift; sourceTree = "<group>"; };
		CCA3FF642517829D00F62627 /* CreateStudyViewController.swift */ = {isa = PBXFileReference; fileEncoding = 4; lastKnownFileType = sourcecode.swift; path = CreateStudyViewController.swift; sourceTree = "<group>"; };
		CCB2ACAF250F8E9B00435E5F /* StudyMainInteractor.swift */ = {isa = PBXFileReference; lastKnownFileType = sourcecode.swift; path = StudyMainInteractor.swift; sourceTree = "<group>"; };
		CCCF2A8F251732B50077B75C /* TitleWithTextView.swift */ = {isa = PBXFileReference; lastKnownFileType = sourcecode.swift; path = TitleWithTextView.swift; sourceTree = "<group>"; };
		DBCC80E590F7DC6C9A2F68E9 /* Pods_Terminal_iOS.framework */ = {isa = PBXFileReference; explicitFileType = wrapper.framework; includeInIndex = 0; path = Pods_Terminal_iOS.framework; sourceTree = BUILT_PRODUCTS_DIR; };
/* End PBXFileReference section */

/* Begin PBXFrameworksBuildPhase section */
		CCA1FF5024FD0C930026C3EA /* Frameworks */ = {
			isa = PBXFrameworksBuildPhase;
			buildActionMask = 2147483647;
			files = (
				4C94E12D413E28FEE17676A0 /* Pods_Terminal_iOS.framework in Frameworks */,
			);
			runOnlyForDeploymentPostprocessing = 0;
		};
/* End PBXFrameworksBuildPhase section */

/* Begin PBXGroup section */
		031FECECB36F7B6233EC27DC /* Frameworks */ = {
			isa = PBXGroup;
			children = (
				DBCC80E590F7DC6C9A2F68E9 /* Pods_Terminal_iOS.framework */,
			);
			name = Frameworks;
			sourceTree = "<group>";
		};
		5ABD6AFD2D9CBF39ED6C88B5 /* Pods */ = {
			isa = PBXGroup;
			children = (
				0842ED214CBB94B870702CC2 /* Pods-Terminal-iOS.debug.xcconfig */,
				87475BBE7142C360612CED6A /* Pods-Terminal-iOS.release.xcconfig */,
			);
			path = Pods;
			sourceTree = "<group>";
		};
		A52F00D624FD182800DE3126 /* Set */ = {
			isa = PBXGroup;
			children = (
				A5AB26FF252B6E9300A39240 /* ProfileModify */,
				A5AB26FD252B6C6400A39240 /* Set */,
			);
			path = Set;
			sourceTree = "<group>";
		};
		A52F00D724FD182B00DE3126 /* MyStudy */ = {
			isa = PBXGroup;
			children = (
				CCA1FF6C24FD100F0026C3EA /* MyStudyViewController.swift */,
			);
			path = MyStudy;
			sourceTree = "<group>";
		};
		A52F00D824FD182C00DE3126 /* Study */ = {
			isa = PBXGroup;
			children = (
				CCA3FF642517829D00F62627 /* CreateStudyViewController.swift */,
				CCA3FF632517829D00F62627 /* SearchStudyViewController.swift */,
				CCA3FF3B2517821900F62627 /* StudyList */,
				CCA3FF4D2517824900F62627 /* StudyCategory */,
				CCB2AC9B250F834300435E5F /* SelectCategory */,
				CCB2AC9A250F81AC00435E5F /* CreateStudy */,
			);
			path = Study;
			sourceTree = "<group>";
		};
		A5686A472524F056005990DC /* Component */ = {
			isa = PBXGroup;
			children = (
				A5686A442524F048005990DC /* NotiCell.swift */,
				A5686A4F2525D6FC005990DC /* DefaultCell.swift */,
				A51D8BE025264DB9003BD1B9 /* AccountCell.swift */,
				A5AB2704252B6F2300A39240 /* ProfileCell.swift */,
			);
			path = Component;
			sourceTree = "<group>";
		};
		A587CEC7251A428A00A2AD13 /* Extensions-Utillities */ = {
			isa = PBXGroup;
			children = (
				A56564792518B7EF00AB31A9 /* UIColor+Ext.swift */,
			);
			path = "Extensions-Utillities";
			sourceTree = "<group>";
		};
		A5AB26FD252B6C6400A39240 /* Set */ = {
			isa = PBXGroup;
			children = (
				CCA1FF6E24FD10290026C3EA /* SetView.swift */,
				A51438AE2524952F00ACB241 /* SetPresenter.swift */,
				A5172164252CFA47005AD11B /* SetWireFrame.swift */,
				A5172168252CFA90005AD11B /* SetInteractor.swift */,
				A517216C252CFAAA005AD11B /* SetProtocols.swift */,
				A5686A472524F056005990DC /* Component */,
			);
			path = Set;
			sourceTree = "<group>";
		};
		A5AB26FF252B6E9300A39240 /* ProfileModify */ = {
			isa = PBXGroup;
			children = (
				A5B78A95252B950600E0B440 /* ProfileModifyView.swift */,
				A521DDEC252DEA7E00F83DB3 /* ProfileModifyProtocols.swift */,
			);
			path = ProfileModify;
			sourceTree = "<group>";
		};
		CC1BE0432511FD5400F88313 /* Component */ = {
			isa = PBXGroup;
			children = (
				CC1BE0442511FD8900F88313 /* SNSCollectionViewCell.swift */,
				CC1BE0482512286B00F88313 /* SNSCollectionView.swift */,
				CCCF2A8F251732B50077B75C /* TitleWithTextView.swift */,
				CC6F1CBC251A155700511016 /* SNSInputUIView.swift */,
				CC6F1CBA251A148D00511016 /* SNSInputItem.swift */,
				CC26AD57251B27B3006B11E9 /* LocationUIVIew.swift */,
				CC26AD5A251B2E04006B11E9 /* TimeUIView.swift */,
				CC26AD63251B6DAC006B11E9 /* SNSInputUITextField.swift */,
			);
			path = Component;
			sourceTree = "<group>";
		};
		CC29FB2425207B4500C1BDCE /* SelectLocation */ = {
			isa = PBXGroup;
			children = (
				CC29FB2A25207C1A00C1BDCE /* SelectLocationViewView.swift */,
				CC29FB2E25207D3F00C1BDCE /* SelectLocationInteractor.swift */,
				CC29FB3125207D6000C1BDCE /* SelectLocationPresenter.swift */,
				CC29FB3425207E7200C1BDCE /* SelectLocationRemoteDataManager.swift */,
				CC29FB3725207E8E00C1BDCE /* SelectLocationLocalDataManager.swift */,
				CC29FB3A25207EAF00C1BDCE /* SelectLocationWireFrame.swift */,
				CC29FB2525207B7100C1BDCE /* SelectLocationProtocol.swift */,
			);
			path = SelectLocation;
			sourceTree = "<group>";
		};
		CCA00AD9252C4ED900FF7404 /* LocationView */ = {
			isa = PBXGroup;
			children = (
				CC29FB2425207B4500C1BDCE /* SelectLocation */,
			);
			path = LocationView;
			sourceTree = "<group>";
		};
		CCA1FF4A24FD0C930026C3EA = {
			isa = PBXGroup;
			children = (
				CCA1FF5524FD0C930026C3EA /* Terminal-iOS */,
				CCA1FF5424FD0C930026C3EA /* Products */,
				5ABD6AFD2D9CBF39ED6C88B5 /* Pods */,
				031FECECB36F7B6233EC27DC /* Frameworks */,
				CCAD55E9251CC574009F3F9A /* Recovered References */,
			);
			sourceTree = "<group>";
		};
		CCA1FF5424FD0C930026C3EA /* Products */ = {
			isa = PBXGroup;
			children = (
				CCA1FF5324FD0C930026C3EA /* Terminal-iOS.app */,
			);
			name = Products;
			sourceTree = "<group>";
		};
		CCA1FF5524FD0C930026C3EA /* Terminal-iOS */ = {
			isa = PBXGroup;
			children = (
				A587CEC7251A428A00A2AD13 /* Extensions-Utillities */,
				CCA3FF34251781E200F62627 /* Entity */,
				A52F00D824FD182C00DE3126 /* Study */,
				A52F00D724FD182B00DE3126 /* MyStudy */,
				A52F00D624FD182800DE3126 /* Set */,
				CCA1FF5624FD0C930026C3EA /* AppDelegate.swift */,
				CCA1FF5824FD0C930026C3EA /* SceneDelegate.swift */,
				CCA1FF5A24FD0C930026C3EA /* ViewController.swift */,
				CCA1FF5C24FD0C930026C3EA /* Main.storyboard */,
				CCA1FF5F24FD0C930026C3EA /* Assets.xcassets */,
				CCA1FF6124FD0C930026C3EA /* LaunchScreen.storyboard */,
				CCA1FF6424FD0C930026C3EA /* Info.plist */,
			);
			path = "Terminal-iOS";
			sourceTree = "<group>";
		};
		CCA3FF34251781E200F62627 /* Entity */ = {
			isa = PBXGroup;
			children = (
				CCA3FF35251781EB00F62627 /* Study.swift */,
				CCA3FF36251781EB00F62627 /* Category.swift */,
				A5686A482524F49C005990DC /* Profile.swift */,
				A5686A522525DE13005990DC /* Setting.swift */,
			);
			path = Entity;
			sourceTree = "<group>";
		};
		CCA3FF3B2517821900F62627 /* StudyList */ = {
			isa = PBXGroup;
			children = (
				CCA3FF452517823E00F62627 /* StudyCell.swift */,
				CCA3FF462517823E00F62627 /* StudyListInteractor.swift */,
				CCA3FF432517823E00F62627 /* StudyListPresenter.swift */,
				CCA3FF412517823E00F62627 /* StudyListProtocols.swift */,
				CCA3FF422517823E00F62627 /* StudyListView.swift */,
				CCA3FF442517823E00F62627 /* StudyListWireFrame.swift */,
				CCA3FF3C2517822400F62627 /* DataManager */,
			);
			path = StudyList;
			sourceTree = "<group>";
		};
		CCA3FF3C2517822400F62627 /* DataManager */ = {
			isa = PBXGroup;
			children = (
				CCA3FF3D2517823000F62627 /* StudyListLocalDataManager.swift */,
				CCA3FF3E2517823000F62627 /* StudyListRemoteDataManager.swift */,
			);
			path = DataManager;
			sourceTree = "<group>";
		};
		CCA3FF4D2517824900F62627 /* StudyCategory */ = {
			isa = PBXGroup;
			children = (
				CCA3FF572517826B00F62627 /* CategoryCell.swift */,
				CCA3FF542517826B00F62627 /* StudyCategoryInteractor.swift */,
				CCA3FF562517826B00F62627 /* StudyCategoryPresenter.swift */,
				CCA3FF552517826B00F62627 /* StudyCategoryProtocols.swift */,
				CCA3FF582517826B00F62627 /* StudyCategoryView.swift */,
				CCA3FF532517826B00F62627 /* StudyCategoryWireFrame.swift */,
				CCA3FF4E2517825700F62627 /* DataManager */,
			);
			path = StudyCategory;
			sourceTree = "<group>";
		};
		CCA3FF4E2517825700F62627 /* DataManager */ = {
			isa = PBXGroup;
			children = (
				CCA3FF4F2517826100F62627 /* StudyCategoryLocalDataManager.swift */,
				CCA3FF502517826100F62627 /* StudyCategoryRemoteManager.swift */,
			);
			path = DataManager;
			sourceTree = "<group>";
		};
		CCAD55E9251CC574009F3F9A /* Recovered References */ = {
			isa = PBXGroup;
			children = (
				CCB2ACAF250F8E9B00435E5F /* StudyMainInteractor.swift */,
				CC4F335225108F9700968B17 /* StudyMainRemoteDataManager.swift */,
			);
			name = "Recovered References";
			sourceTree = "<group>";
		};
		CCB2AC9A250F81AC00435E5F /* CreateStudy */ = {
			isa = PBXGroup;
			children = (
				CCA00AD9252C4ED900FF7404 /* LocationView */,
				CC1BE0412510EBEA00F88313 /* CreateStudyView.swift */,
				CC1BE03F2510EBD500F88313 /* CreateStudyInteractor.swift */,
				CC1BE03D2510EBBC00F88313 /* CreateStudyPresenter.swift */,
				CC1BE0382510D8AD00F88313 /* CreateStudyWireFrame.swift */,
				CC1BE03B2510D8DB00F88313 /* CreateStudyProtocols.swift */,
				CC29FB20251E0CAD00C1BDCE /* CreateStudyRemoteManager.swift */,
				CC1BE0432511FD5400F88313 /* Component */,
			);
			path = CreateStudy;
			sourceTree = "<group>";
		};
		CCB2AC9B250F834300435E5F /* SelectCategory */ = {
			isa = PBXGroup;
			children = (
				CC1BE0302510CA5400F88313 /* SelectCategoryView.swift */,
				CC1BE0342510D18100F88313 /* SelectCategoryPresenter.swift */,
				CC1BE0362510D83100F88313 /* SelectCategoryWireFrame.swift */,
				CC1BE0322510CC0000F88313 /* SelectCategoryProtocols.swift */,
			);
			path = SelectCategory;
			sourceTree = "<group>";
		};
/* End PBXGroup section */

/* Begin PBXNativeTarget section */
		CCA1FF5224FD0C930026C3EA /* Terminal-iOS */ = {
			isa = PBXNativeTarget;
			buildConfigurationList = CCA1FF6724FD0C930026C3EA /* Build configuration list for PBXNativeTarget "Terminal-iOS" */;
			buildPhases = (
				98CA5D5EB90A7DBC64909D64 /* [CP] Check Pods Manifest.lock */,
				CCA1FF4F24FD0C930026C3EA /* Sources */,
				CCA1FF5024FD0C930026C3EA /* Frameworks */,
				CCA1FF5124FD0C930026C3EA /* Resources */,
				C782E0649B9B4B73DCAE348D /* [CP] Embed Pods Frameworks */,
			);
			buildRules = (
			);
			dependencies = (
			);
			name = "Terminal-iOS";
			productName = "Terminal-iOS";
			productReference = CCA1FF5324FD0C930026C3EA /* Terminal-iOS.app */;
			productType = "com.apple.product-type.application";
		};
/* End PBXNativeTarget section */

/* Begin PBXProject section */
		CCA1FF4B24FD0C930026C3EA /* Project object */ = {
			isa = PBXProject;
			attributes = {
				LastSwiftUpdateCheck = 1160;
				LastUpgradeCheck = 1200;
				ORGANIZATIONNAME = "정재인";
				TargetAttributes = {
					CCA1FF5224FD0C930026C3EA = {
						CreatedOnToolsVersion = 11.6;
					};
				};
			};
			buildConfigurationList = CCA1FF4E24FD0C930026C3EA /* Build configuration list for PBXProject "Terminal-iOS" */;
			compatibilityVersion = "Xcode 9.3";
			developmentRegion = en;
			hasScannedForEncodings = 0;
			knownRegions = (
				en,
				Base,
			);
			mainGroup = CCA1FF4A24FD0C930026C3EA;
			productRefGroup = CCA1FF5424FD0C930026C3EA /* Products */;
			projectDirPath = "";
			projectRoot = "";
			targets = (
				CCA1FF5224FD0C930026C3EA /* Terminal-iOS */,
			);
		};
/* End PBXProject section */

/* Begin PBXResourcesBuildPhase section */
		CCA1FF5124FD0C930026C3EA /* Resources */ = {
			isa = PBXResourcesBuildPhase;
			buildActionMask = 2147483647;
			files = (
				CCA1FF6324FD0C930026C3EA /* LaunchScreen.storyboard in Resources */,
				CCA1FF6024FD0C930026C3EA /* Assets.xcassets in Resources */,
				CCA1FF5E24FD0C930026C3EA /* Main.storyboard in Resources */,
			);
			runOnlyForDeploymentPostprocessing = 0;
		};
/* End PBXResourcesBuildPhase section */

/* Begin PBXShellScriptBuildPhase section */
		98CA5D5EB90A7DBC64909D64 /* [CP] Check Pods Manifest.lock */ = {
			isa = PBXShellScriptBuildPhase;
			buildActionMask = 2147483647;
			files = (
			);
			inputFileListPaths = (
			);
			inputPaths = (
				"${PODS_PODFILE_DIR_PATH}/Podfile.lock",
				"${PODS_ROOT}/Manifest.lock",
			);
			name = "[CP] Check Pods Manifest.lock";
			outputFileListPaths = (
			);
			outputPaths = (
				"$(DERIVED_FILE_DIR)/Pods-Terminal-iOS-checkManifestLockResult.txt",
			);
			runOnlyForDeploymentPostprocessing = 0;
			shellPath = /bin/sh;
			shellScript = "diff \"${PODS_PODFILE_DIR_PATH}/Podfile.lock\" \"${PODS_ROOT}/Manifest.lock\" > /dev/null\nif [ $? != 0 ] ; then\n    # print error to STDERR\n    echo \"error: The sandbox is not in sync with the Podfile.lock. Run 'pod install' or update your CocoaPods installation.\" >&2\n    exit 1\nfi\n# This output is used by Xcode 'outputs' to avoid re-running this script phase.\necho \"SUCCESS\" > \"${SCRIPT_OUTPUT_FILE_0}\"\n";
			showEnvVarsInLog = 0;
		};
		C782E0649B9B4B73DCAE348D /* [CP] Embed Pods Frameworks */ = {
			isa = PBXShellScriptBuildPhase;
			buildActionMask = 2147483647;
			files = (
			);
			inputFileListPaths = (
				"${PODS_ROOT}/Target Support Files/Pods-Terminal-iOS/Pods-Terminal-iOS-frameworks-${CONFIGURATION}-input-files.xcfilelist",
			);
			name = "[CP] Embed Pods Frameworks";
			outputFileListPaths = (
				"${PODS_ROOT}/Target Support Files/Pods-Terminal-iOS/Pods-Terminal-iOS-frameworks-${CONFIGURATION}-output-files.xcfilelist",
			);
			runOnlyForDeploymentPostprocessing = 0;
			shellPath = /bin/sh;
			shellScript = "\"${PODS_ROOT}/Target Support Files/Pods-Terminal-iOS/Pods-Terminal-iOS-frameworks.sh\"\n";
			showEnvVarsInLog = 0;
		};
/* End PBXShellScriptBuildPhase section */

/* Begin PBXSourcesBuildPhase section */
		CCA1FF4F24FD0C930026C3EA /* Sources */ = {
			isa = PBXSourcesBuildPhase;
			buildActionMask = 2147483647;
			files = (
				CC29FB21251E0CAD00C1BDCE /* CreateStudyRemoteManager.swift in Sources */,
				CC1BE0392510D8AD00F88313 /* CreateStudyWireFrame.swift in Sources */,
				CC1BE0402510EBD500F88313 /* CreateStudyInteractor.swift in Sources */,
				CCA3FF472517823E00F62627 /* StudyListProtocols.swift in Sources */,
				CCA3FF3F2517823000F62627 /* StudyListLocalDataManager.swift in Sources */,
				CC1BE03C2510D8DB00F88313 /* CreateStudyProtocols.swift in Sources */,
				CCA1FF6F24FD10290026C3EA /* SetView.swift in Sources */,
				CC1BE0422510EBEA00F88313 /* CreateStudyView.swift in Sources */,
				CCA1FF5B24FD0C930026C3EA /* ViewController.swift in Sources */,
				CC26AD64251B6DAC006B11E9 /* SNSInputUITextField.swift in Sources */,
				CCA3FF4A2517823E00F62627 /* StudyListWireFrame.swift in Sources */,
				A51438AF2524952F00ACB241 /* SetPresenter.swift in Sources */,
				CCA3FF4B2517823E00F62627 /* StudyCell.swift in Sources */,
				A565647A2518B7EF00AB31A9 /* UIColor+Ext.swift in Sources */,
				CC29FB2F25207D3F00C1BDCE /* SelectLocationInteractor.swift in Sources */,
				CCA3FF5B2517826B00F62627 /* StudyCategoryProtocols.swift in Sources */,
				CCA1FF5724FD0C930026C3EA /* AppDelegate.swift in Sources */,
				A5686A502525D6FC005990DC /* DefaultCell.swift in Sources */,
				CCA3FF5E2517826B00F62627 /* StudyCategoryView.swift in Sources */,
				CCA3FF38251781EB00F62627 /* Category.swift in Sources */,
				CC29FB3525207E7200C1BDCE /* SelectLocationRemoteDataManager.swift in Sources */,
				CCA3FF5A2517826B00F62627 /* StudyCategoryInteractor.swift in Sources */,
				CC1BE0452511FD8900F88313 /* SNSCollectionViewCell.swift in Sources */,
				CCA3FF5D2517826B00F62627 /* CategoryCell.swift in Sources */,
				A5172165252CFA47005AD11B /* SetWireFrame.swift in Sources */,
				CC29FB2B25207C1A00C1BDCE /* SelectLocationViewView.swift in Sources */,
				CC29FB3B25207EAF00C1BDCE /* SelectLocationWireFrame.swift in Sources */,
				CCA3FF592517826B00F62627 /* StudyCategoryWireFrame.swift in Sources */,
				CCA3FF37251781EB00F62627 /* Study.swift in Sources */,
				CC29FB3225207D6000C1BDCE /* SelectLocationPresenter.swift in Sources */,
				CCA1FF6D24FD100F0026C3EA /* MyStudyViewController.swift in Sources */,
				CC26AD5B251B2E04006B11E9 /* TimeUIView.swift in Sources */,
				A5686A452524F048005990DC /* NotiCell.swift in Sources */,
				CCA3FF512517826100F62627 /* StudyCategoryLocalDataManager.swift in Sources */,
				CCA3FF662517829D00F62627 /* CreateStudyViewController.swift in Sources */,
				CCA3FF652517829D00F62627 /* SearchStudyViewController.swift in Sources */,
				A5686A532525DE13005990DC /* Setting.swift in Sources */,
				CC1BE0332510CC0000F88313 /* SelectCategoryProtocols.swift in Sources */,
				A5AB2705252B6F2300A39240 /* ProfileCell.swift in Sources */,
				CC1BE0492512286B00F88313 /* SNSCollectionView.swift in Sources */,
				CC6F1CBB251A148D00511016 /* SNSInputItem.swift in Sources */,
				CC29FB2625207B7100C1BDCE /* SelectLocationProtocol.swift in Sources */,
				CC1BE03E2510EBBC00F88313 /* CreateStudyPresenter.swift in Sources */,
				CC26AD58251B27B3006B11E9 /* LocationUIVIew.swift in Sources */,
				CC1BE0352510D18100F88313 /* SelectCategoryPresenter.swift in Sources */,
				CCCF2A90251732B50077B75C /* TitleWithTextView.swift in Sources */,
				CC6F1CBD251A155700511016 /* SNSInputUIView.swift in Sources */,
				CC29FB3825207E8E00C1BDCE /* SelectLocationLocalDataManager.swift in Sources */,
				CCA3FF522517826100F62627 /* StudyCategoryRemoteManager.swift in Sources */,
				CC1BE0352510D18100F88313 /* SelectCategoryPresenter.swift in Sources */,
				CCA3FF482517823E00F62627 /* StudyListView.swift in Sources */,
				A5686A492524F49C005990DC /* Profile.swift in Sources */,
				CCA3FF492517823E00F62627 /* StudyListPresenter.swift in Sources */,
				A521DDED252DEA7E00F83DB3 /* ProfileModifyProtocols.swift in Sources */,
				A5172169252CFA90005AD11B /* SetInteractor.swift in Sources */,
				CC1BE0312510CA5400F88313 /* SelectCategoryView.swift in Sources */,
				A51D8BE125264DB9003BD1B9 /* AccountCell.swift in Sources */,
				CC1BE0372510D83100F88313 /* SelectCategoryWireFrame.swift in Sources */,
				CCA1FF5924FD0C930026C3EA /* SceneDelegate.swift in Sources */,
				CCA3FF402517823000F62627 /* StudyListRemoteDataManager.swift in Sources */,
				A5B78A96252B950600E0B440 /* ProfileModifyView.swift in Sources */,
				CCA3FF4C2517823E00F62627 /* StudyListInteractor.swift in Sources */,
				CCA3FF5C2517826B00F62627 /* StudyCategoryPresenter.swift in Sources */,
				A517216D252CFAAA005AD11B /* SetProtocols.swift in Sources */,
			);
			runOnlyForDeploymentPostprocessing = 0;
		};
/* End PBXSourcesBuildPhase section */

/* Begin PBXVariantGroup section */
		CCA1FF5C24FD0C930026C3EA /* Main.storyboard */ = {
			isa = PBXVariantGroup;
			children = (
				CCA1FF5D24FD0C930026C3EA /* Base */,
			);
			name = Main.storyboard;
			sourceTree = "<group>";
		};
		CCA1FF6124FD0C930026C3EA /* LaunchScreen.storyboard */ = {
			isa = PBXVariantGroup;
			children = (
				CCA1FF6224FD0C930026C3EA /* Base */,
			);
			name = LaunchScreen.storyboard;
			sourceTree = "<group>";
		};
/* End PBXVariantGroup section */

/* Begin XCBuildConfiguration section */
		CCA1FF6524FD0C930026C3EA /* Debug */ = {
			isa = XCBuildConfiguration;
			buildSettings = {
				ALWAYS_SEARCH_USER_PATHS = NO;
				CLANG_ANALYZER_NONNULL = YES;
				CLANG_ANALYZER_NUMBER_OBJECT_CONVERSION = YES_AGGRESSIVE;
				CLANG_CXX_LANGUAGE_STANDARD = "gnu++14";
				CLANG_CXX_LIBRARY = "libc++";
				CLANG_ENABLE_MODULES = YES;
				CLANG_ENABLE_OBJC_ARC = YES;
				CLANG_ENABLE_OBJC_WEAK = YES;
				CLANG_WARN_BLOCK_CAPTURE_AUTORELEASING = YES;
				CLANG_WARN_BOOL_CONVERSION = YES;
				CLANG_WARN_COMMA = YES;
				CLANG_WARN_CONSTANT_CONVERSION = YES;
				CLANG_WARN_DEPRECATED_OBJC_IMPLEMENTATIONS = YES;
				CLANG_WARN_DIRECT_OBJC_ISA_USAGE = YES_ERROR;
				CLANG_WARN_DOCUMENTATION_COMMENTS = YES;
				CLANG_WARN_EMPTY_BODY = YES;
				CLANG_WARN_ENUM_CONVERSION = YES;
				CLANG_WARN_INFINITE_RECURSION = YES;
				CLANG_WARN_INT_CONVERSION = YES;
				CLANG_WARN_NON_LITERAL_NULL_CONVERSION = YES;
				CLANG_WARN_OBJC_IMPLICIT_RETAIN_SELF = YES;
				CLANG_WARN_OBJC_LITERAL_CONVERSION = YES;
				CLANG_WARN_OBJC_ROOT_CLASS = YES_ERROR;
				CLANG_WARN_QUOTED_INCLUDE_IN_FRAMEWORK_HEADER = YES;
				CLANG_WARN_RANGE_LOOP_ANALYSIS = YES;
				CLANG_WARN_STRICT_PROTOTYPES = YES;
				CLANG_WARN_SUSPICIOUS_MOVE = YES;
				CLANG_WARN_UNGUARDED_AVAILABILITY = YES_AGGRESSIVE;
				CLANG_WARN_UNREACHABLE_CODE = YES;
				CLANG_WARN__DUPLICATE_METHOD_MATCH = YES;
				COPY_PHASE_STRIP = NO;
				DEBUG_INFORMATION_FORMAT = dwarf;
				ENABLE_STRICT_OBJC_MSGSEND = YES;
				ENABLE_TESTABILITY = YES;
				GCC_C_LANGUAGE_STANDARD = gnu11;
				GCC_DYNAMIC_NO_PIC = NO;
				GCC_NO_COMMON_BLOCKS = YES;
				GCC_OPTIMIZATION_LEVEL = 0;
				GCC_PREPROCESSOR_DEFINITIONS = (
					"DEBUG=1",
					"$(inherited)",
				);
				GCC_WARN_64_TO_32_BIT_CONVERSION = YES;
				GCC_WARN_ABOUT_RETURN_TYPE = YES_ERROR;
				GCC_WARN_UNDECLARED_SELECTOR = YES;
				GCC_WARN_UNINITIALIZED_AUTOS = YES_AGGRESSIVE;
				GCC_WARN_UNUSED_FUNCTION = YES;
				GCC_WARN_UNUSED_VARIABLE = YES;
				IPHONEOS_DEPLOYMENT_TARGET = 13.0;
				MTL_ENABLE_DEBUG_INFO = INCLUDE_SOURCE;
				MTL_FAST_MATH = YES;
				ONLY_ACTIVE_ARCH = YES;
				SDKROOT = iphoneos;
				SWIFT_ACTIVE_COMPILATION_CONDITIONS = DEBUG;
				SWIFT_OPTIMIZATION_LEVEL = "-Onone";
			};
			name = Debug;
		};
		CCA1FF6624FD0C930026C3EA /* Release */ = {
			isa = XCBuildConfiguration;
			buildSettings = {
				ALWAYS_SEARCH_USER_PATHS = NO;
				CLANG_ANALYZER_NONNULL = YES;
				CLANG_ANALYZER_NUMBER_OBJECT_CONVERSION = YES_AGGRESSIVE;
				CLANG_CXX_LANGUAGE_STANDARD = "gnu++14";
				CLANG_CXX_LIBRARY = "libc++";
				CLANG_ENABLE_MODULES = YES;
				CLANG_ENABLE_OBJC_ARC = YES;
				CLANG_ENABLE_OBJC_WEAK = YES;
				CLANG_WARN_BLOCK_CAPTURE_AUTORELEASING = YES;
				CLANG_WARN_BOOL_CONVERSION = YES;
				CLANG_WARN_COMMA = YES;
				CLANG_WARN_CONSTANT_CONVERSION = YES;
				CLANG_WARN_DEPRECATED_OBJC_IMPLEMENTATIONS = YES;
				CLANG_WARN_DIRECT_OBJC_ISA_USAGE = YES_ERROR;
				CLANG_WARN_DOCUMENTATION_COMMENTS = YES;
				CLANG_WARN_EMPTY_BODY = YES;
				CLANG_WARN_ENUM_CONVERSION = YES;
				CLANG_WARN_INFINITE_RECURSION = YES;
				CLANG_WARN_INT_CONVERSION = YES;
				CLANG_WARN_NON_LITERAL_NULL_CONVERSION = YES;
				CLANG_WARN_OBJC_IMPLICIT_RETAIN_SELF = YES;
				CLANG_WARN_OBJC_LITERAL_CONVERSION = YES;
				CLANG_WARN_OBJC_ROOT_CLASS = YES_ERROR;
				CLANG_WARN_QUOTED_INCLUDE_IN_FRAMEWORK_HEADER = YES;
				CLANG_WARN_RANGE_LOOP_ANALYSIS = YES;
				CLANG_WARN_STRICT_PROTOTYPES = YES;
				CLANG_WARN_SUSPICIOUS_MOVE = YES;
				CLANG_WARN_UNGUARDED_AVAILABILITY = YES_AGGRESSIVE;
				CLANG_WARN_UNREACHABLE_CODE = YES;
				CLANG_WARN__DUPLICATE_METHOD_MATCH = YES;
				COPY_PHASE_STRIP = NO;
				DEBUG_INFORMATION_FORMAT = "dwarf-with-dsym";
				ENABLE_NS_ASSERTIONS = NO;
				ENABLE_STRICT_OBJC_MSGSEND = YES;
				GCC_C_LANGUAGE_STANDARD = gnu11;
				GCC_NO_COMMON_BLOCKS = YES;
				GCC_WARN_64_TO_32_BIT_CONVERSION = YES;
				GCC_WARN_ABOUT_RETURN_TYPE = YES_ERROR;
				GCC_WARN_UNDECLARED_SELECTOR = YES;
				GCC_WARN_UNINITIALIZED_AUTOS = YES_AGGRESSIVE;
				GCC_WARN_UNUSED_FUNCTION = YES;
				GCC_WARN_UNUSED_VARIABLE = YES;
				IPHONEOS_DEPLOYMENT_TARGET = 13.0;
				MTL_ENABLE_DEBUG_INFO = NO;
				MTL_FAST_MATH = YES;
				SDKROOT = iphoneos;
				SWIFT_COMPILATION_MODE = wholemodule;
				SWIFT_OPTIMIZATION_LEVEL = "-O";
				VALIDATE_PRODUCT = YES;
			};
			name = Release;
		};
		CCA1FF6824FD0C930026C3EA /* Debug */ = {
			isa = XCBuildConfiguration;
			baseConfigurationReference = 0842ED214CBB94B870702CC2 /* Pods-Terminal-iOS.debug.xcconfig */;
			buildSettings = {
				ASSETCATALOG_COMPILER_APPICON_NAME = AppIcon;
				CODE_SIGN_STYLE = Automatic;
				DEVELOPMENT_TEAM = DH7PS64634;
				INFOPLIST_FILE = "Terminal-iOS/Info.plist";
				LD_RUNPATH_SEARCH_PATHS = (
					"$(inherited)",
					"@executable_path/Frameworks",
				);
				PRODUCT_BUNDLE_IDENTIFIER = "com.Terminal-iOS";
				PRODUCT_NAME = "$(TARGET_NAME)";
				SWIFT_VERSION = 5.0;
				TARGETED_DEVICE_FAMILY = "1,2";
			};
			name = Debug;
		};
		CCA1FF6924FD0C930026C3EA /* Release */ = {
			isa = XCBuildConfiguration;
			baseConfigurationReference = 87475BBE7142C360612CED6A /* Pods-Terminal-iOS.release.xcconfig */;
			buildSettings = {
				ASSETCATALOG_COMPILER_APPICON_NAME = AppIcon;
				CODE_SIGN_STYLE = Automatic;
				DEVELOPMENT_TEAM = DH7PS64634;
				INFOPLIST_FILE = "Terminal-iOS/Info.plist";
				LD_RUNPATH_SEARCH_PATHS = (
					"$(inherited)",
					"@executable_path/Frameworks",
				);
				PRODUCT_BUNDLE_IDENTIFIER = "com.Terminal-iOS";
				PRODUCT_NAME = "$(TARGET_NAME)";
				SWIFT_VERSION = 5.0;
				TARGETED_DEVICE_FAMILY = "1,2";
			};
			name = Release;
		};
/* End XCBuildConfiguration section */

/* Begin XCConfigurationList section */
		CCA1FF4E24FD0C930026C3EA /* Build configuration list for PBXProject "Terminal-iOS" */ = {
			isa = XCConfigurationList;
			buildConfigurations = (
				CCA1FF6524FD0C930026C3EA /* Debug */,
				CCA1FF6624FD0C930026C3EA /* Release */,
			);
			defaultConfigurationIsVisible = 0;
			defaultConfigurationName = Release;
		};
		CCA1FF6724FD0C930026C3EA /* Build configuration list for PBXNativeTarget "Terminal-iOS" */ = {
			isa = XCConfigurationList;
			buildConfigurations = (
				CCA1FF6824FD0C930026C3EA /* Debug */,
				CCA1FF6924FD0C930026C3EA /* Release */,
			);
			defaultConfigurationIsVisible = 0;
			defaultConfigurationName = Release;
		};
/* End XCConfigurationList section */
	};
	rootObject = CCA1FF4B24FD0C930026C3EA /* Project object */;
}
