// !$*UTF8*$!
{
	archiveVersion = 1;
	classes = {
	};
	objectVersion = 51;
	objects = {

/* Begin PBXBuildFile section */
		4C94E12D413E28FEE17676A0 /* Pods_Terminal_iOS.framework in Frameworks */ = {isa = PBXBuildFile; fileRef = DBCC80E590F7DC6C9A2F68E9 /* Pods_Terminal_iOS.framework */; };
		CC1BE0312510CA5400F88313 /* SelectCategoryView.swift in Sources */ = {isa = PBXBuildFile; fileRef = CC1BE0302510CA5400F88313 /* SelectCategoryView.swift */; };
		CC1BE0332510CC0000F88313 /* SelectCategoryProtocols.swift in Sources */ = {isa = PBXBuildFile; fileRef = CC1BE0322510CC0000F88313 /* SelectCategoryProtocols.swift */; };
		CC1BE0352510D18100F88313 /* SelectCategoryPresenter.swift in Sources */ = {isa = PBXBuildFile; fileRef = CC1BE0342510D18100F88313 /* SelectCategoryPresenter.swift */; };
		CC1BE0372510D83100F88313 /* SelectCategoryWireFrame.swift in Sources */ = {isa = PBXBuildFile; fileRef = CC1BE0362510D83100F88313 /* SelectCategoryWireFrame.swift */; };
		CC1BE0392510D8AD00F88313 /* CreateStudyWireFrame.swift in Sources */ = {isa = PBXBuildFile; fileRef = CC1BE0382510D8AD00F88313 /* CreateStudyWireFrame.swift */; };
		CC1BE03C2510D8DB00F88313 /* CreateStudyProtocols.swift in Sources */ = {isa = PBXBuildFile; fileRef = CC1BE03B2510D8DB00F88313 /* CreateStudyProtocols.swift */; };
		CC1BE03E2510EBBC00F88313 /* CreateStudyPresenter.swift in Sources */ = {isa = PBXBuildFile; fileRef = CC1BE03D2510EBBC00F88313 /* CreateStudyPresenter.swift */; };
		CC1BE0402510EBD500F88313 /* CreateStudyInteractor.swift in Sources */ = {isa = PBXBuildFile; fileRef = CC1BE03F2510EBD500F88313 /* CreateStudyInteractor.swift */; };
		CC1BE0422510EBEA00F88313 /* CreateStudyView.swift in Sources */ = {isa = PBXBuildFile; fileRef = CC1BE0412510EBEA00F88313 /* CreateStudyView.swift */; };
		CC1BE0452511FD8900F88313 /* SNSCollectionViewCell.swift in Sources */ = {isa = PBXBuildFile; fileRef = CC1BE0442511FD8900F88313 /* SNSCollectionViewCell.swift */; };
		CC1BE047251213F200F88313 /* GoogleService-Info.plist in Resources */ = {isa = PBXBuildFile; fileRef = CC1BE046251213F200F88313 /* GoogleService-Info.plist */; };
		CC1BE0492512286B00F88313 /* SNSCollectionView.swift in Sources */ = {isa = PBXBuildFile; fileRef = CC1BE0482512286B00F88313 /* SNSCollectionView.swift */; };
		CC4F335125108C9600968B17 /* StudyMainWireFrame.swift in Sources */ = {isa = PBXBuildFile; fileRef = CC4F335025108C9600968B17 /* StudyMainWireFrame.swift */; };
		CC4F335325108F9700968B17 /* StudyMainRemoteDataManager.swift in Sources */ = {isa = PBXBuildFile; fileRef = CC4F335225108F9700968B17 /* StudyMainRemoteDataManager.swift */; };
		CCA1FF5724FD0C930026C3EA /* AppDelegate.swift in Sources */ = {isa = PBXBuildFile; fileRef = CCA1FF5624FD0C930026C3EA /* AppDelegate.swift */; };
		CCA1FF5924FD0C930026C3EA /* SceneDelegate.swift in Sources */ = {isa = PBXBuildFile; fileRef = CCA1FF5824FD0C930026C3EA /* SceneDelegate.swift */; };
		CCA1FF5B24FD0C930026C3EA /* ViewController.swift in Sources */ = {isa = PBXBuildFile; fileRef = CCA1FF5A24FD0C930026C3EA /* ViewController.swift */; };
		CCA1FF5E24FD0C930026C3EA /* Main.storyboard in Resources */ = {isa = PBXBuildFile; fileRef = CCA1FF5C24FD0C930026C3EA /* Main.storyboard */; };
		CCA1FF6024FD0C930026C3EA /* Assets.xcassets in Resources */ = {isa = PBXBuildFile; fileRef = CCA1FF5F24FD0C930026C3EA /* Assets.xcassets */; };
		CCA1FF6324FD0C930026C3EA /* LaunchScreen.storyboard in Resources */ = {isa = PBXBuildFile; fileRef = CCA1FF6124FD0C930026C3EA /* LaunchScreen.storyboard */; };
		CCA1FF6B24FD0FF40026C3EA /* StudyMainView.swift in Sources */ = {isa = PBXBuildFile; fileRef = CCA1FF6A24FD0FF40026C3EA /* StudyMainView.swift */; };
		CCA1FF6D24FD100F0026C3EA /* MyStudyViewController.swift in Sources */ = {isa = PBXBuildFile; fileRef = CCA1FF6C24FD100F0026C3EA /* MyStudyViewController.swift */; };
		CCA1FF6F24FD10290026C3EA /* SetViewController.swift in Sources */ = {isa = PBXBuildFile; fileRef = CCA1FF6E24FD10290026C3EA /* SetViewController.swift */; };
		CCAA430D251764F80053ADDB /* SNSInputUIView.swift in Sources */ = {isa = PBXBuildFile; fileRef = CCAA430C251764F80053ADDB /* SNSInputUIView.swift */; };
		CCB2ACAB250F856700435E5F /* StudyMainPresenter.swift in Sources */ = {isa = PBXBuildFile; fileRef = CCB2ACAA250F856700435E5F /* StudyMainPresenter.swift */; };
		CCB2ACAE250F863400435E5F /* StudyMainProtocols.swift in Sources */ = {isa = PBXBuildFile; fileRef = CCB2ACAD250F863400435E5F /* StudyMainProtocols.swift */; };
		CCB2ACB0250F8E9B00435E5F /* StudyMainInteractor.swift in Sources */ = {isa = PBXBuildFile; fileRef = CCB2ACAF250F8E9B00435E5F /* StudyMainInteractor.swift */; };
		CCB2ACB5250F940900435E5F /* StudyMainLocalDataManager.swift in Sources */ = {isa = PBXBuildFile; fileRef = CCB2ACB4250F940900435E5F /* StudyMainLocalDataManager.swift */; };
		CCCF2A90251732B50077B75C /* StudyOverViewUIView.swift in Sources */ = {isa = PBXBuildFile; fileRef = CCCF2A8F251732B50077B75C /* StudyOverViewUIView.swift */; };
/* End PBXBuildFile section */

/* Begin PBXFileReference section */
		0842ED214CBB94B870702CC2 /* Pods-Terminal-iOS.debug.xcconfig */ = {isa = PBXFileReference; includeInIndex = 1; lastKnownFileType = text.xcconfig; name = "Pods-Terminal-iOS.debug.xcconfig"; path = "Target Support Files/Pods-Terminal-iOS/Pods-Terminal-iOS.debug.xcconfig"; sourceTree = "<group>"; };
		87475BBE7142C360612CED6A /* Pods-Terminal-iOS.release.xcconfig */ = {isa = PBXFileReference; includeInIndex = 1; lastKnownFileType = text.xcconfig; name = "Pods-Terminal-iOS.release.xcconfig"; path = "Target Support Files/Pods-Terminal-iOS/Pods-Terminal-iOS.release.xcconfig"; sourceTree = "<group>"; };
		CC1BE0302510CA5400F88313 /* SelectCategoryView.swift */ = {isa = PBXFileReference; lastKnownFileType = sourcecode.swift; path = SelectCategoryView.swift; sourceTree = "<group>"; };
		CC1BE0322510CC0000F88313 /* SelectCategoryProtocols.swift */ = {isa = PBXFileReference; lastKnownFileType = sourcecode.swift; path = SelectCategoryProtocols.swift; sourceTree = "<group>"; };
		CC1BE0342510D18100F88313 /* SelectCategoryPresenter.swift */ = {isa = PBXFileReference; lastKnownFileType = sourcecode.swift; path = SelectCategoryPresenter.swift; sourceTree = "<group>"; };
		CC1BE0362510D83100F88313 /* SelectCategoryWireFrame.swift */ = {isa = PBXFileReference; lastKnownFileType = sourcecode.swift; path = SelectCategoryWireFrame.swift; sourceTree = "<group>"; };
		CC1BE0382510D8AD00F88313 /* CreateStudyWireFrame.swift */ = {isa = PBXFileReference; lastKnownFileType = sourcecode.swift; path = CreateStudyWireFrame.swift; sourceTree = "<group>"; };
		CC1BE03B2510D8DB00F88313 /* CreateStudyProtocols.swift */ = {isa = PBXFileReference; lastKnownFileType = sourcecode.swift; path = CreateStudyProtocols.swift; sourceTree = "<group>"; };
		CC1BE03D2510EBBC00F88313 /* CreateStudyPresenter.swift */ = {isa = PBXFileReference; lastKnownFileType = sourcecode.swift; path = CreateStudyPresenter.swift; sourceTree = "<group>"; };
		CC1BE03F2510EBD500F88313 /* CreateStudyInteractor.swift */ = {isa = PBXFileReference; lastKnownFileType = sourcecode.swift; path = CreateStudyInteractor.swift; sourceTree = "<group>"; };
		CC1BE0412510EBEA00F88313 /* CreateStudyView.swift */ = {isa = PBXFileReference; lastKnownFileType = sourcecode.swift; path = CreateStudyView.swift; sourceTree = "<group>"; };
		CC1BE0442511FD8900F88313 /* SNSCollectionViewCell.swift */ = {isa = PBXFileReference; lastKnownFileType = sourcecode.swift; path = SNSCollectionViewCell.swift; sourceTree = "<group>"; };
		CC1BE046251213F200F88313 /* GoogleService-Info.plist */ = {isa = PBXFileReference; fileEncoding = 4; lastKnownFileType = text.plist.xml; name = "GoogleService-Info.plist"; path = "../../../Downloads/GoogleService-Info.plist"; sourceTree = "<group>"; };
		CC1BE0482512286B00F88313 /* SNSCollectionView.swift */ = {isa = PBXFileReference; lastKnownFileType = sourcecode.swift; path = SNSCollectionView.swift; sourceTree = "<group>"; };
		CC4F335025108C9600968B17 /* StudyMainWireFrame.swift */ = {isa = PBXFileReference; lastKnownFileType = sourcecode.swift; path = StudyMainWireFrame.swift; sourceTree = "<group>"; };
		CC4F335225108F9700968B17 /* StudyMainRemoteDataManager.swift */ = {isa = PBXFileReference; lastKnownFileType = sourcecode.swift; path = StudyMainRemoteDataManager.swift; sourceTree = "<group>"; };
		CCA1FF5324FD0C930026C3EA /* Terminal-iOS.app */ = {isa = PBXFileReference; explicitFileType = wrapper.application; includeInIndex = 0; path = "Terminal-iOS.app"; sourceTree = BUILT_PRODUCTS_DIR; };
		CCA1FF5624FD0C930026C3EA /* AppDelegate.swift */ = {isa = PBXFileReference; lastKnownFileType = sourcecode.swift; path = AppDelegate.swift; sourceTree = "<group>"; };
		CCA1FF5824FD0C930026C3EA /* SceneDelegate.swift */ = {isa = PBXFileReference; lastKnownFileType = sourcecode.swift; path = SceneDelegate.swift; sourceTree = "<group>"; };
		CCA1FF5A24FD0C930026C3EA /* ViewController.swift */ = {isa = PBXFileReference; lastKnownFileType = sourcecode.swift; path = ViewController.swift; sourceTree = "<group>"; };
		CCA1FF5D24FD0C930026C3EA /* Base */ = {isa = PBXFileReference; lastKnownFileType = file.storyboard; name = Base; path = Base.lproj/Main.storyboard; sourceTree = "<group>"; };
		CCA1FF5F24FD0C930026C3EA /* Assets.xcassets */ = {isa = PBXFileReference; lastKnownFileType = folder.assetcatalog; path = Assets.xcassets; sourceTree = "<group>"; };
		CCA1FF6224FD0C930026C3EA /* Base */ = {isa = PBXFileReference; lastKnownFileType = file.storyboard; name = Base; path = Base.lproj/LaunchScreen.storyboard; sourceTree = "<group>"; };
		CCA1FF6424FD0C930026C3EA /* Info.plist */ = {isa = PBXFileReference; lastKnownFileType = text.plist.xml; path = Info.plist; sourceTree = "<group>"; };
		CCA1FF6A24FD0FF40026C3EA /* StudyMainView.swift */ = {isa = PBXFileReference; lastKnownFileType = sourcecode.swift; path = StudyMainView.swift; sourceTree = "<group>"; };
		CCA1FF6C24FD100F0026C3EA /* MyStudyViewController.swift */ = {isa = PBXFileReference; lastKnownFileType = sourcecode.swift; path = MyStudyViewController.swift; sourceTree = "<group>"; };
		CCA1FF6E24FD10290026C3EA /* SetViewController.swift */ = {isa = PBXFileReference; lastKnownFileType = sourcecode.swift; path = SetViewController.swift; sourceTree = "<group>"; };
		CCAA430C251764F80053ADDB /* SNSInputUIView.swift */ = {isa = PBXFileReference; lastKnownFileType = sourcecode.swift; path = SNSInputUIView.swift; sourceTree = "<group>"; };
		CCB2ACAA250F856700435E5F /* StudyMainPresenter.swift */ = {isa = PBXFileReference; lastKnownFileType = sourcecode.swift; path = StudyMainPresenter.swift; sourceTree = "<group>"; };
		CCB2ACAD250F863400435E5F /* StudyMainProtocols.swift */ = {isa = PBXFileReference; lastKnownFileType = sourcecode.swift; path = StudyMainProtocols.swift; sourceTree = "<group>"; };
		CCB2ACAF250F8E9B00435E5F /* StudyMainInteractor.swift */ = {isa = PBXFileReference; lastKnownFileType = sourcecode.swift; path = StudyMainInteractor.swift; sourceTree = "<group>"; };
		CCB2ACB4250F940900435E5F /* StudyMainLocalDataManager.swift */ = {isa = PBXFileReference; lastKnownFileType = sourcecode.swift; path = StudyMainLocalDataManager.swift; sourceTree = "<group>"; };
		CCCF2A8F251732B50077B75C /* StudyOverViewUIView.swift */ = {isa = PBXFileReference; lastKnownFileType = sourcecode.swift; path = StudyOverViewUIView.swift; sourceTree = "<group>"; };
		DBCC80E590F7DC6C9A2F68E9 /* Pods_Terminal_iOS.framework */ = {isa = PBXFileReference; explicitFileType = wrapper.framework; includeInIndex = 0; path = Pods_Terminal_iOS.framework; sourceTree = BUILT_PRODUCTS_DIR; };
/* End PBXFileReference section */

/* Begin PBXFrameworksBuildPhase section */
		CCA1FF5024FD0C930026C3EA /* Frameworks */ = {
			isa = PBXFrameworksBuildPhase;
			buildActionMask = 2147483647;
			files = (
				4C94E12D413E28FEE17676A0 /* Pods_Terminal_iOS.framework in Frameworks */,
			);
			runOnlyForDeploymentPostprocessing = 0;
		};
/* End PBXFrameworksBuildPhase section */

/* Begin PBXGroup section */
		031FECECB36F7B6233EC27DC /* Frameworks */ = {
			isa = PBXGroup;
			children = (
				DBCC80E590F7DC6C9A2F68E9 /* Pods_Terminal_iOS.framework */,
			);
			name = Frameworks;
			sourceTree = "<group>";
		};
		5ABD6AFD2D9CBF39ED6C88B5 /* Pods */ = {
			isa = PBXGroup;
			children = (
				0842ED214CBB94B870702CC2 /* Pods-Terminal-iOS.debug.xcconfig */,
				87475BBE7142C360612CED6A /* Pods-Terminal-iOS.release.xcconfig */,
			);
			path = Pods;
			sourceTree = "<group>";
		};
		A52F00D624FD182800DE3126 /* Set */ = {
			isa = PBXGroup;
			children = (
				CCA1FF6E24FD10290026C3EA /* SetViewController.swift */,
			);
			path = Set;
			sourceTree = "<group>";
		};
		A52F00D724FD182B00DE3126 /* MyStudy */ = {
			isa = PBXGroup;
			children = (
				CCA1FF6C24FD100F0026C3EA /* MyStudyViewController.swift */,
			);
			path = MyStudy;
			sourceTree = "<group>";
		};
		A52F00D824FD182C00DE3126 /* Study */ = {
			isa = PBXGroup;
			children = (
				CCB2AC9B250F834300435E5F /* SelectCategory */,
				CCB2AC9A250F81AC00435E5F /* CreateStudy */,
				CCB2AC99250F819400435E5F /* StudyMain */,
			);
			path = Study;
			sourceTree = "<group>";
		};
		CC1BE0432511FD5400F88313 /* Component */ = {
			isa = PBXGroup;
			children = (
				CC1BE0442511FD8900F88313 /* SNSCollectionViewCell.swift */,
				CC1BE0482512286B00F88313 /* SNSCollectionView.swift */,
				CCCF2A8F251732B50077B75C /* StudyOverViewUIView.swift */,
				CCAA430C251764F80053ADDB /* SNSInputUIView.swift */,
			);
			path = Component;
			sourceTree = "<group>";
		};
		CCA1FF4A24FD0C930026C3EA = {
			isa = PBXGroup;
			children = (
				CCA1FF5524FD0C930026C3EA /* Terminal-iOS */,
				CCA1FF5424FD0C930026C3EA /* Products */,
				5ABD6AFD2D9CBF39ED6C88B5 /* Pods */,
				031FECECB36F7B6233EC27DC /* Frameworks */,
			);
			sourceTree = "<group>";
		};
		CCA1FF5424FD0C930026C3EA /* Products */ = {
			isa = PBXGroup;
			children = (
				CCA1FF5324FD0C930026C3EA /* Terminal-iOS.app */,
			);
			name = Products;
			sourceTree = "<group>";
		};
		CCA1FF5524FD0C930026C3EA /* Terminal-iOS */ = {
			isa = PBXGroup;
			children = (
				A52F00D824FD182C00DE3126 /* Study */,
				A52F00D724FD182B00DE3126 /* MyStudy */,
				A52F00D624FD182800DE3126 /* Set */,
				CCA1FF5624FD0C930026C3EA /* AppDelegate.swift */,
				CCA1FF5824FD0C930026C3EA /* SceneDelegate.swift */,
				CCA1FF5A24FD0C930026C3EA /* ViewController.swift */,
				CCA1FF5C24FD0C930026C3EA /* Main.storyboard */,
				CCA1FF5F24FD0C930026C3EA /* Assets.xcassets */,
				CCA1FF6124FD0C930026C3EA /* LaunchScreen.storyboard */,
				CCA1FF6424FD0C930026C3EA /* Info.plist */,
				CC1BE046251213F200F88313 /* GoogleService-Info.plist */,
			);
			path = "Terminal-iOS";
			sourceTree = "<group>";
		};
		CCB2AC99250F819400435E5F /* StudyMain */ = {
			isa = PBXGroup;
			children = (
				CCA1FF6A24FD0FF40026C3EA /* StudyMainView.swift */,
				CCB2ACAF250F8E9B00435E5F /* StudyMainInteractor.swift */,
				CCB2ACAA250F856700435E5F /* StudyMainPresenter.swift */,
				CC4F335025108C9600968B17 /* StudyMainWireFrame.swift */,
				CCB2ACAD250F863400435E5F /* StudyMainProtocols.swift */,
				CC4F335225108F9700968B17 /* StudyMainRemoteDataManager.swift */,
				CCB2ACB4250F940900435E5F /* StudyMainLocalDataManager.swift */,
			);
			path = StudyMain;
			sourceTree = "<group>";
		};
		CCB2AC9A250F81AC00435E5F /* CreateStudy */ = {
			isa = PBXGroup;
			children = (
				CC1BE0412510EBEA00F88313 /* CreateStudyView.swift */,
				CC1BE03F2510EBD500F88313 /* CreateStudyInteractor.swift */,
				CC1BE03D2510EBBC00F88313 /* CreateStudyPresenter.swift */,
				CC1BE0382510D8AD00F88313 /* CreateStudyWireFrame.swift */,
				CC1BE03B2510D8DB00F88313 /* CreateStudyProtocols.swift */,
				CC1BE0432511FD5400F88313 /* Component */,
			);
			path = CreateStudy;
			sourceTree = "<group>";
		};
		CCB2AC9B250F834300435E5F /* SelectCategory */ = {
			isa = PBXGroup;
			children = (
				CC1BE0302510CA5400F88313 /* SelectCategoryView.swift */,
				CC1BE0342510D18100F88313 /* SelectCategoryPresenter.swift */,
				CC1BE0362510D83100F88313 /* SelectCategoryWireFrame.swift */,
				CC1BE0322510CC0000F88313 /* SelectCategoryProtocols.swift */,
			);
			path = SelectCategory;
			sourceTree = "<group>";
		};
/* End PBXGroup section */

/* Begin PBXNativeTarget section */
		CCA1FF5224FD0C930026C3EA /* Terminal-iOS */ = {
			isa = PBXNativeTarget;
			buildConfigurationList = CCA1FF6724FD0C930026C3EA /* Build configuration list for PBXNativeTarget "Terminal-iOS" */;
			buildPhases = (
				98CA5D5EB90A7DBC64909D64 /* [CP] Check Pods Manifest.lock */,
				CCA1FF4F24FD0C930026C3EA /* Sources */,
				CCA1FF5024FD0C930026C3EA /* Frameworks */,
				CCA1FF5124FD0C930026C3EA /* Resources */,
				C782E0649B9B4B73DCAE348D /* [CP] Embed Pods Frameworks */,
			);
			buildRules = (
			);
			dependencies = (
			);
			name = "Terminal-iOS";
			productName = "Terminal-iOS";
			productReference = CCA1FF5324FD0C930026C3EA /* Terminal-iOS.app */;
			productType = "com.apple.product-type.application";
		};
/* End PBXNativeTarget section */

/* Begin PBXProject section */
		CCA1FF4B24FD0C930026C3EA /* Project object */ = {
			isa = PBXProject;
			attributes = {
				LastSwiftUpdateCheck = 1160;
				LastUpgradeCheck = 1160;
				ORGANIZATIONNAME = "정재인";
				TargetAttributes = {
					CCA1FF5224FD0C930026C3EA = {
						CreatedOnToolsVersion = 11.6;
					};
				};
			};
			buildConfigurationList = CCA1FF4E24FD0C930026C3EA /* Build configuration list for PBXProject "Terminal-iOS" */;
			compatibilityVersion = "Xcode 9.3";
			developmentRegion = en;
			hasScannedForEncodings = 0;
			knownRegions = (
				en,
				Base,
			);
			mainGroup = CCA1FF4A24FD0C930026C3EA;
			productRefGroup = CCA1FF5424FD0C930026C3EA /* Products */;
			projectDirPath = "";
			projectRoot = "";
			targets = (
				CCA1FF5224FD0C930026C3EA /* Terminal-iOS */,
			);
		};
/* End PBXProject section */

/* Begin PBXResourcesBuildPhase section */
		CCA1FF5124FD0C930026C3EA /* Resources */ = {
			isa = PBXResourcesBuildPhase;
			buildActionMask = 2147483647;
			files = (
				CCA1FF6324FD0C930026C3EA /* LaunchScreen.storyboard in Resources */,
				CC1BE047251213F200F88313 /* GoogleService-Info.plist in Resources */,
				CCA1FF6024FD0C930026C3EA /* Assets.xcassets in Resources */,
				CCA1FF5E24FD0C930026C3EA /* Main.storyboard in Resources */,
			);
			runOnlyForDeploymentPostprocessing = 0;
		};
/* End PBXResourcesBuildPhase section */

/* Begin PBXShellScriptBuildPhase section */
		98CA5D5EB90A7DBC64909D64 /* [CP] Check Pods Manifest.lock */ = {
			isa = PBXShellScriptBuildPhase;
			buildActionMask = 2147483647;
			files = (
			);
			inputFileListPaths = (
			);
			inputPaths = (
				"${PODS_PODFILE_DIR_PATH}/Podfile.lock",
				"${PODS_ROOT}/Manifest.lock",
			);
			name = "[CP] Check Pods Manifest.lock";
			outputFileListPaths = (
			);
			outputPaths = (
				"$(DERIVED_FILE_DIR)/Pods-Terminal-iOS-checkManifestLockResult.txt",
			);
			runOnlyForDeploymentPostprocessing = 0;
			shellPath = /bin/sh;
			shellScript = "diff \"${PODS_PODFILE_DIR_PATH}/Podfile.lock\" \"${PODS_ROOT}/Manifest.lock\" > /dev/null\nif [ $? != 0 ] ; then\n    # print error to STDERR\n    echo \"error: The sandbox is not in sync with the Podfile.lock. Run 'pod install' or update your CocoaPods installation.\" >&2\n    exit 1\nfi\n# This output is used by Xcode 'outputs' to avoid re-running this script phase.\necho \"SUCCESS\" > \"${SCRIPT_OUTPUT_FILE_0}\"\n";
			showEnvVarsInLog = 0;
		};
		C782E0649B9B4B73DCAE348D /* [CP] Embed Pods Frameworks */ = {
			isa = PBXShellScriptBuildPhase;
			buildActionMask = 2147483647;
			files = (
			);
			inputFileListPaths = (
				"${PODS_ROOT}/Target Support Files/Pods-Terminal-iOS/Pods-Terminal-iOS-frameworks-${CONFIGURATION}-input-files.xcfilelist",
			);
			name = "[CP] Embed Pods Frameworks";
			outputFileListPaths = (
				"${PODS_ROOT}/Target Support Files/Pods-Terminal-iOS/Pods-Terminal-iOS-frameworks-${CONFIGURATION}-output-files.xcfilelist",
			);
			runOnlyForDeploymentPostprocessing = 0;
			shellPath = /bin/sh;
			shellScript = "\"${PODS_ROOT}/Target Support Files/Pods-Terminal-iOS/Pods-Terminal-iOS-frameworks.sh\"\n";
			showEnvVarsInLog = 0;
		};
/* End PBXShellScriptBuildPhase section */

/* Begin PBXSourcesBuildPhase section */
		CCA1FF4F24FD0C930026C3EA /* Sources */ = {
			isa = PBXSourcesBuildPhase;
			buildActionMask = 2147483647;
			files = (
				CC1BE0392510D8AD00F88313 /* CreateStudyWireFrame.swift in Sources */,
				CC1BE0402510EBD500F88313 /* CreateStudyInteractor.swift in Sources */,
				CCB2ACB5250F940900435E5F /* StudyMainLocalDataManager.swift in Sources */,
				CCAA430D251764F80053ADDB /* SNSInputUIView.swift in Sources */,
				CCA1FF6B24FD0FF40026C3EA /* StudyMainView.swift in Sources */,
				CC1BE03C2510D8DB00F88313 /* CreateStudyProtocols.swift in Sources */,
				CCA1FF6F24FD10290026C3EA /* SetViewController.swift in Sources */,
				CC1BE0422510EBEA00F88313 /* CreateStudyView.swift in Sources */,
				CCA1FF5B24FD0C930026C3EA /* ViewController.swift in Sources */,
				CCA1FF5724FD0C930026C3EA /* AppDelegate.swift in Sources */,
				CC1BE0452511FD8900F88313 /* SNSCollectionViewCell.swift in Sources */,
				CCB2ACAB250F856700435E5F /* StudyMainPresenter.swift in Sources */,
				CCB2ACAE250F863400435E5F /* StudyMainProtocols.swift in Sources */,
				CCA1FF6D24FD100F0026C3EA /* MyStudyViewController.swift in Sources */,
				CCB2ACB0250F8E9B00435E5F /* StudyMainInteractor.swift in Sources */,
				CC4F335325108F9700968B17 /* StudyMainRemoteDataManager.swift in Sources */,
				CC1BE0332510CC0000F88313 /* SelectCategoryProtocols.swift in Sources */,
				CC4F335125108C9600968B17 /* StudyMainWireFrame.swift in Sources */,
				CC1BE0492512286B00F88313 /* SNSCollectionView.swift in Sources */,
				CC1BE03E2510EBBC00F88313 /* CreateStudyPresenter.swift in Sources */,
				CC1BE0352510D18100F88313 /* SelectCategoryPresenter.swift in Sources */,
				CCCF2A90251732B50077B75C /* StudyOverViewUIView.swift in Sources */,
				CC1BE0312510CA5400F88313 /* SelectCategoryView.swift in Sources */,
				CC1BE0372510D83100F88313 /* SelectCategoryWireFrame.swift in Sources */,
				CCA1FF5924FD0C930026C3EA /* SceneDelegate.swift in Sources */,
			);
			runOnlyForDeploymentPostprocessing = 0;
		};
/* End PBXSourcesBuildPhase section */

/* Begin PBXVariantGroup section */
		CCA1FF5C24FD0C930026C3EA /* Main.storyboard */ = {
			isa = PBXVariantGroup;
			children = (
				CCA1FF5D24FD0C930026C3EA /* Base */,
			);
			name = Main.storyboard;
			sourceTree = "<group>";
		};
		CCA1FF6124FD0C930026C3EA /* LaunchScreen.storyboard */ = {
			isa = PBXVariantGroup;
			children = (
				CCA1FF6224FD0C930026C3EA /* Base */,
			);
			name = LaunchScreen.storyboard;
			sourceTree = "<group>";
		};
/* End PBXVariantGroup section */

/* Begin XCBuildConfiguration section */
		CCA1FF6524FD0C930026C3EA /* Debug */ = {
			isa = XCBuildConfiguration;
			buildSettings = {
				ALWAYS_SEARCH_USER_PATHS = NO;
				CLANG_ANALYZER_NONNULL = YES;
				CLANG_ANALYZER_NUMBER_OBJECT_CONVERSION = YES_AGGRESSIVE;
				CLANG_CXX_LANGUAGE_STANDARD = "gnu++14";
				CLANG_CXX_LIBRARY = "libc++";
				CLANG_ENABLE_MODULES = YES;
				CLANG_ENABLE_OBJC_ARC = YES;
				CLANG_ENABLE_OBJC_WEAK = YES;
				CLANG_WARN_BLOCK_CAPTURE_AUTORELEASING = YES;
				CLANG_WARN_BOOL_CONVERSION = YES;
				CLANG_WARN_COMMA = YES;
				CLANG_WARN_CONSTANT_CONVERSION = YES;
				CLANG_WARN_DEPRECATED_OBJC_IMPLEMENTATIONS = YES;
				CLANG_WARN_DIRECT_OBJC_ISA_USAGE = YES_ERROR;
				CLANG_WARN_DOCUMENTATION_COMMENTS = YES;
				CLANG_WARN_EMPTY_BODY = YES;
				CLANG_WARN_ENUM_CONVERSION = YES;
				CLANG_WARN_INFINITE_RECURSION = YES;
				CLANG_WARN_INT_CONVERSION = YES;
				CLANG_WARN_NON_LITERAL_NULL_CONVERSION = YES;
				CLANG_WARN_OBJC_IMPLICIT_RETAIN_SELF = YES;
				CLANG_WARN_OBJC_LITERAL_CONVERSION = YES;
				CLANG_WARN_OBJC_ROOT_CLASS = YES_ERROR;
				CLANG_WARN_RANGE_LOOP_ANALYSIS = YES;
				CLANG_WARN_STRICT_PROTOTYPES = YES;
				CLANG_WARN_SUSPICIOUS_MOVE = YES;
				CLANG_WARN_UNGUARDED_AVAILABILITY = YES_AGGRESSIVE;
				CLANG_WARN_UNREACHABLE_CODE = YES;
				CLANG_WARN__DUPLICATE_METHOD_MATCH = YES;
				COPY_PHASE_STRIP = NO;
				DEBUG_INFORMATION_FORMAT = dwarf;
				ENABLE_STRICT_OBJC_MSGSEND = YES;
				ENABLE_TESTABILITY = YES;
				GCC_C_LANGUAGE_STANDARD = gnu11;
				GCC_DYNAMIC_NO_PIC = NO;
				GCC_NO_COMMON_BLOCKS = YES;
				GCC_OPTIMIZATION_LEVEL = 0;
				GCC_PREPROCESSOR_DEFINITIONS = (
					"DEBUG=1",
					"$(inherited)",
				);
				GCC_WARN_64_TO_32_BIT_CONVERSION = YES;
				GCC_WARN_ABOUT_RETURN_TYPE = YES_ERROR;
				GCC_WARN_UNDECLARED_SELECTOR = YES;
				GCC_WARN_UNINITIALIZED_AUTOS = YES_AGGRESSIVE;
				GCC_WARN_UNUSED_FUNCTION = YES;
				GCC_WARN_UNUSED_VARIABLE = YES;
				IPHONEOS_DEPLOYMENT_TARGET = 13.0;
				MTL_ENABLE_DEBUG_INFO = INCLUDE_SOURCE;
				MTL_FAST_MATH = YES;
				ONLY_ACTIVE_ARCH = YES;
				SDKROOT = iphoneos;
				SWIFT_ACTIVE_COMPILATION_CONDITIONS = DEBUG;
				SWIFT_OPTIMIZATION_LEVEL = "-Onone";
			};
			name = Debug;
		};
		CCA1FF6624FD0C930026C3EA /* Release */ = {
			isa = XCBuildConfiguration;
			buildSettings = {
				ALWAYS_SEARCH_USER_PATHS = NO;
				CLANG_ANALYZER_NONNULL = YES;
				CLANG_ANALYZER_NUMBER_OBJECT_CONVERSION = YES_AGGRESSIVE;
				CLANG_CXX_LANGUAGE_STANDARD = "gnu++14";
				CLANG_CXX_LIBRARY = "libc++";
				CLANG_ENABLE_MODULES = YES;
				CLANG_ENABLE_OBJC_ARC = YES;
				CLANG_ENABLE_OBJC_WEAK = YES;
				CLANG_WARN_BLOCK_CAPTURE_AUTORELEASING = YES;
				CLANG_WARN_BOOL_CONVERSION = YES;
				CLANG_WARN_COMMA = YES;
				CLANG_WARN_CONSTANT_CONVERSION = YES;
				CLANG_WARN_DEPRECATED_OBJC_IMPLEMENTATIONS = YES;
				CLANG_WARN_DIRECT_OBJC_ISA_USAGE = YES_ERROR;
				CLANG_WARN_DOCUMENTATION_COMMENTS = YES;
				CLANG_WARN_EMPTY_BODY = YES;
				CLANG_WARN_ENUM_CONVERSION = YES;
				CLANG_WARN_INFINITE_RECURSION = YES;
				CLANG_WARN_INT_CONVERSION = YES;
				CLANG_WARN_NON_LITERAL_NULL_CONVERSION = YES;
				CLANG_WARN_OBJC_IMPLICIT_RETAIN_SELF = YES;
				CLANG_WARN_OBJC_LITERAL_CONVERSION = YES;
				CLANG_WARN_OBJC_ROOT_CLASS = YES_ERROR;
				CLANG_WARN_RANGE_LOOP_ANALYSIS = YES;
				CLANG_WARN_STRICT_PROTOTYPES = YES;
				CLANG_WARN_SUSPICIOUS_MOVE = YES;
				CLANG_WARN_UNGUARDED_AVAILABILITY = YES_AGGRESSIVE;
				CLANG_WARN_UNREACHABLE_CODE = YES;
				CLANG_WARN__DUPLICATE_METHOD_MATCH = YES;
				COPY_PHASE_STRIP = NO;
				DEBUG_INFORMATION_FORMAT = "dwarf-with-dsym";
				ENABLE_NS_ASSERTIONS = NO;
				ENABLE_STRICT_OBJC_MSGSEND = YES;
				GCC_C_LANGUAGE_STANDARD = gnu11;
				GCC_NO_COMMON_BLOCKS = YES;
				GCC_WARN_64_TO_32_BIT_CONVERSION = YES;
				GCC_WARN_ABOUT_RETURN_TYPE = YES_ERROR;
				GCC_WARN_UNDECLARED_SELECTOR = YES;
				GCC_WARN_UNINITIALIZED_AUTOS = YES_AGGRESSIVE;
				GCC_WARN_UNUSED_FUNCTION = YES;
				GCC_WARN_UNUSED_VARIABLE = YES;
				IPHONEOS_DEPLOYMENT_TARGET = 13.0;
				MTL_ENABLE_DEBUG_INFO = NO;
				MTL_FAST_MATH = YES;
				SDKROOT = iphoneos;
				SWIFT_COMPILATION_MODE = wholemodule;
				SWIFT_OPTIMIZATION_LEVEL = "-O";
				VALIDATE_PRODUCT = YES;
			};
			name = Release;
		};
		CCA1FF6824FD0C930026C3EA /* Debug */ = {
			isa = XCBuildConfiguration;
			baseConfigurationReference = 0842ED214CBB94B870702CC2 /* Pods-Terminal-iOS.debug.xcconfig */;
			buildSettings = {
				ASSETCATALOG_COMPILER_APPICON_NAME = AppIcon;
				CODE_SIGN_STYLE = Automatic;
				DEVELOPMENT_TEAM = DH7PS64634;
				INFOPLIST_FILE = "Terminal-iOS/Info.plist";
				LD_RUNPATH_SEARCH_PATHS = (
					"$(inherited)",
					"@executable_path/Frameworks",
				);
				PRODUCT_BUNDLE_IDENTIFIER = "com.Terminal-iOS";
				PRODUCT_NAME = "$(TARGET_NAME)";
				SWIFT_VERSION = 5.0;
				TARGETED_DEVICE_FAMILY = "1,2";
			};
			name = Debug;
		};
		CCA1FF6924FD0C930026C3EA /* Release */ = {
			isa = XCBuildConfiguration;
			baseConfigurationReference = 87475BBE7142C360612CED6A /* Pods-Terminal-iOS.release.xcconfig */;
			buildSettings = {
				ASSETCATALOG_COMPILER_APPICON_NAME = AppIcon;
				CODE_SIGN_STYLE = Automatic;
				DEVELOPMENT_TEAM = DH7PS64634;
				INFOPLIST_FILE = "Terminal-iOS/Info.plist";
				LD_RUNPATH_SEARCH_PATHS = (
					"$(inherited)",
					"@executable_path/Frameworks",
				);
				PRODUCT_BUNDLE_IDENTIFIER = "com.Terminal-iOS";
				PRODUCT_NAME = "$(TARGET_NAME)";
				SWIFT_VERSION = 5.0;
				TARGETED_DEVICE_FAMILY = "1,2";
			};
			name = Release;
		};
/* End XCBuildConfiguration section */

/* Begin XCConfigurationList section */
		CCA1FF4E24FD0C930026C3EA /* Build configuration list for PBXProject "Terminal-iOS" */ = {
			isa = XCConfigurationList;
			buildConfigurations = (
				CCA1FF6524FD0C930026C3EA /* Debug */,
				CCA1FF6624FD0C930026C3EA /* Release */,
			);
			defaultConfigurationIsVisible = 0;
			defaultConfigurationName = Release;
		};
		CCA1FF6724FD0C930026C3EA /* Build configuration list for PBXNativeTarget "Terminal-iOS" */ = {
			isa = XCConfigurationList;
			buildConfigurations = (
				CCA1FF6824FD0C930026C3EA /* Debug */,
				CCA1FF6924FD0C930026C3EA /* Release */,
			);
			defaultConfigurationIsVisible = 0;
			defaultConfigurationName = Release;
		};
/* End XCConfigurationList section */
	};
	rootObject = CCA1FF4B24FD0C930026C3EA /* Project object */;
}
